// !$*UTF8*$!
{
	archiveVersion = 1;
	classes = {
	};
	objectVersion = 46;
	objects = {

/* Begin PBXBuildFile section */
		168AA53A5F3A4AD2107E790C /* libPods-Mushroom.a in Frameworks */ = {isa = PBXBuildFile; fileRef = 35FA8F7662983A72D8884BE6 /* libPods-Mushroom.a */; };
		4F620F4A1F67BEE4000D51A8 /* main.m in Sources */ = {isa = PBXBuildFile; fileRef = 4F620F491F67BEE4000D51A8 /* main.m */; };
		4F620F501F67BEE4000D51A8 /* ViewController.m in Sources */ = {isa = PBXBuildFile; fileRef = 4F620F4F1F67BEE4000D51A8 /* ViewController.m */; };
		4F620F531F67BEE4000D51A8 /* Main.storyboard in Resources */ = {isa = PBXBuildFile; fileRef = 4F620F511F67BEE4000D51A8 /* Main.storyboard */; };
		4F620F551F67BEE4000D51A8 /* Assets.xcassets in Resources */ = {isa = PBXBuildFile; fileRef = 4F620F541F67BEE4000D51A8 /* Assets.xcassets */; };
		4F620F581F67BEE4000D51A8 /* LaunchScreen.storyboard in Resources */ = {isa = PBXBuildFile; fileRef = 4F620F561F67BEE4000D51A8 /* LaunchScreen.storyboard */; };
		4F620F631F67BEE4000D51A8 /* MushroomTests.m in Sources */ = {isa = PBXBuildFile; fileRef = 4F620F621F67BEE4000D51A8 /* MushroomTests.m */; };
		4F620F6E1F67BEE4000D51A8 /* MushroomUITests.m in Sources */ = {isa = PBXBuildFile; fileRef = 4F620F6D1F67BEE4000D51A8 /* MushroomUITests.m */; };
		4F620F7E1F67E508000D51A8 /* AppDelegate.m in Sources */ = {isa = PBXBuildFile; fileRef = 4F620F7D1F67E508000D51A8 /* AppDelegate.m */; };
/* End PBXBuildFile section */

/* Begin PBXContainerItemProxy section */
		4F620F5F1F67BEE4000D51A8 /* PBXContainerItemProxy */ = {
			isa = PBXContainerItemProxy;
			containerPortal = 4F620F3D1F67BEE4000D51A8 /* Project object */;
			proxyType = 1;
			remoteGlobalIDString = 4F620F441F67BEE4000D51A8;
			remoteInfo = Mushroom;
		};
		4F620F6A1F67BEE4000D51A8 /* PBXContainerItemProxy */ = {
			isa = PBXContainerItemProxy;
			containerPortal = 4F620F3D1F67BEE4000D51A8 /* Project object */;
			proxyType = 1;
			remoteGlobalIDString = 4F620F441F67BEE4000D51A8;
			remoteInfo = Mushroom;
		};
/* End PBXContainerItemProxy section */

/* Begin PBXFileReference section */
		20AD704699170C0FE99C826B /* Pods-Mushroom.debug.xcconfig */ = {isa = PBXFileReference; includeInIndex = 1; lastKnownFileType = text.xcconfig; name = "Pods-Mushroom.debug.xcconfig"; path = "Pods/Target Support Files/Pods-Mushroom/Pods-Mushroom.debug.xcconfig"; sourceTree = "<group>"; };
		35FA8F7662983A72D8884BE6 /* libPods-Mushroom.a */ = {isa = PBXFileReference; explicitFileType = archive.ar; includeInIndex = 0; path = "libPods-Mushroom.a"; sourceTree = BUILT_PRODUCTS_DIR; };
		4F620F451F67BEE4000D51A8 /* Mushroom.app */ = {isa = PBXFileReference; explicitFileType = wrapper.application; includeInIndex = 0; path = Mushroom.app; sourceTree = BUILT_PRODUCTS_DIR; };
		4F620F491F67BEE4000D51A8 /* main.m */ = {isa = PBXFileReference; lastKnownFileType = sourcecode.c.objc; path = main.m; sourceTree = "<group>"; };
		4F620F4E1F67BEE4000D51A8 /* ViewController.h */ = {isa = PBXFileReference; lastKnownFileType = sourcecode.c.h; path = ViewController.h; sourceTree = "<group>"; };
		4F620F4F1F67BEE4000D51A8 /* ViewController.m */ = {isa = PBXFileReference; lastKnownFileType = sourcecode.c.objc; path = ViewController.m; sourceTree = "<group>"; };
		4F620F521F67BEE4000D51A8 /* Base */ = {isa = PBXFileReference; lastKnownFileType = file.storyboard; name = Base; path = Base.lproj/Main.storyboard; sourceTree = "<group>"; };
		4F620F541F67BEE4000D51A8 /* Assets.xcassets */ = {isa = PBXFileReference; lastKnownFileType = folder.assetcatalog; path = Assets.xcassets; sourceTree = "<group>"; };
		4F620F571F67BEE4000D51A8 /* Base */ = {isa = PBXFileReference; lastKnownFileType = file.storyboard; name = Base; path = Base.lproj/LaunchScreen.storyboard; sourceTree = "<group>"; };
		4F620F591F67BEE4000D51A8 /* Info.plist */ = {isa = PBXFileReference; lastKnownFileType = text.plist.xml; path = Info.plist; sourceTree = "<group>"; };
		4F620F5E1F67BEE4000D51A8 /* MushroomTests.xctest */ = {isa = PBXFileReference; explicitFileType = wrapper.cfbundle; includeInIndex = 0; path = MushroomTests.xctest; sourceTree = BUILT_PRODUCTS_DIR; };
		4F620F621F67BEE4000D51A8 /* MushroomTests.m */ = {isa = PBXFileReference; lastKnownFileType = sourcecode.c.objc; path = MushroomTests.m; sourceTree = "<group>"; };
		4F620F641F67BEE4000D51A8 /* Info.plist */ = {isa = PBXFileReference; lastKnownFileType = text.plist.xml; path = Info.plist; sourceTree = "<group>"; };
		4F620F691F67BEE4000D51A8 /* MushroomUITests.xctest */ = {isa = PBXFileReference; explicitFileType = wrapper.cfbundle; includeInIndex = 0; path = MushroomUITests.xctest; sourceTree = BUILT_PRODUCTS_DIR; };
		4F620F6D1F67BEE4000D51A8 /* MushroomUITests.m */ = {isa = PBXFileReference; lastKnownFileType = sourcecode.c.objc; path = MushroomUITests.m; sourceTree = "<group>"; };
		4F620F6F1F67BEE4000D51A8 /* Info.plist */ = {isa = PBXFileReference; lastKnownFileType = text.plist.xml; path = Info.plist; sourceTree = "<group>"; };
		4F620F7C1F67E508000D51A8 /* AppDelegate.h */ = {isa = PBXFileReference; fileEncoding = 4; lastKnownFileType = sourcecode.c.h; path = AppDelegate.h; sourceTree = "<group>"; };
		4F620F7D1F67E508000D51A8 /* AppDelegate.m */ = {isa = PBXFileReference; fileEncoding = 4; lastKnownFileType = sourcecode.c.objc; path = AppDelegate.m; sourceTree = "<group>"; };
		BE9E64D95AA13453970FC7D1 /* Pods-Mushroom.release.xcconfig */ = {isa = PBXFileReference; includeInIndex = 1; lastKnownFileType = text.xcconfig; name = "Pods-Mushroom.release.xcconfig"; path = "Pods/Target Support Files/Pods-Mushroom/Pods-Mushroom.release.xcconfig"; sourceTree = "<group>"; };
/* End PBXFileReference section */

/* Begin PBXFrameworksBuildPhase section */
		4F620F421F67BEE4000D51A8 /* Frameworks */ = {
			isa = PBXFrameworksBuildPhase;
			buildActionMask = 2147483647;
			files = (
				168AA53A5F3A4AD2107E790C /* libPods-Mushroom.a in Frameworks */,
			);
			runOnlyForDeploymentPostprocessing = 0;
		};
		4F620F5B1F67BEE4000D51A8 /* Frameworks */ = {
			isa = PBXFrameworksBuildPhase;
			buildActionMask = 2147483647;
			files = (
			);
			runOnlyForDeploymentPostprocessing = 0;
		};
		4F620F661F67BEE4000D51A8 /* Frameworks */ = {
			isa = PBXFrameworksBuildPhase;
			buildActionMask = 2147483647;
			files = (
			);
			runOnlyForDeploymentPostprocessing = 0;
		};
/* End PBXFrameworksBuildPhase section */

/* Begin PBXGroup section */
		4DFF8B31BB5A50E1B34D2DB4 /* Frameworks */ = {
			isa = PBXGroup;
			children = (
				35FA8F7662983A72D8884BE6 /* libPods-Mushroom.a */,
			);
			name = Frameworks;
			sourceTree = "<group>";
		};
		4F620F3C1F67BEE4000D51A8 = {
			isa = PBXGroup;
			children = (
				4F620F471F67BEE4000D51A8 /* Mushroom */,
				4F620F611F67BEE4000D51A8 /* MushroomTests */,
				4F620F6C1F67BEE4000D51A8 /* MushroomUITests */,
				4F620F461F67BEE4000D51A8 /* Products */,
				9D791ED0ED1D4250FCA46250 /* Pods */,
				4DFF8B31BB5A50E1B34D2DB4 /* Frameworks */,
			);
			sourceTree = "<group>";
		};
		4F620F461F67BEE4000D51A8 /* Products */ = {
			isa = PBXGroup;
			children = (
				4F620F451F67BEE4000D51A8 /* Mushroom.app */,
				4F620F5E1F67BEE4000D51A8 /* MushroomTests.xctest */,
				4F620F691F67BEE4000D51A8 /* MushroomUITests.xctest */,
			);
			name = Products;
			sourceTree = "<group>";
		};
		4F620F471F67BEE4000D51A8 /* Mushroom */ = {
			isa = PBXGroup;
			children = (
				4FE7D57C1F68D10F00A14FBB /* Frameworks */,
				4F620F7B1F67E508000D51A8 /* AppDelegate */,
				4F620F801F67E553000D51A8 /* Resource */,
				4F620F7F1F67E553000D51A8 /* Class */,
				4F620F4E1F67BEE4000D51A8 /* ViewController.h */,
				4F620F4F1F67BEE4000D51A8 /* ViewController.m */,
				4F620F511F67BEE4000D51A8 /* Main.storyboard */,
				4F620F541F67BEE4000D51A8 /* Assets.xcassets */,
				4F620F561F67BEE4000D51A8 /* LaunchScreen.storyboard */,
				4F620F591F67BEE4000D51A8 /* Info.plist */,
				4F620F481F67BEE4000D51A8 /* Supporting Files */,
			);
			path = Mushroom;
			sourceTree = "<group>";
		};
		4F620F481F67BEE4000D51A8 /* Supporting Files */ = {
			isa = PBXGroup;
			children = (
				4F620F491F67BEE4000D51A8 /* main.m */,
			);
			name = "Supporting Files";
			sourceTree = "<group>";
		};
		4F620F611F67BEE4000D51A8 /* MushroomTests */ = {
			isa = PBXGroup;
			children = (
				4F620F621F67BEE4000D51A8 /* MushroomTests.m */,
				4F620F641F67BEE4000D51A8 /* Info.plist */,
			);
			path = MushroomTests;
			sourceTree = "<group>";
		};
		4F620F6C1F67BEE4000D51A8 /* MushroomUITests */ = {
			isa = PBXGroup;
			children = (
				4F620F6D1F67BEE4000D51A8 /* MushroomUITests.m */,
				4F620F6F1F67BEE4000D51A8 /* Info.plist */,
			);
			path = MushroomUITests;
			sourceTree = "<group>";
		};
		4F620F7B1F67E508000D51A8 /* AppDelegate */ = {
			isa = PBXGroup;
			children = (
				4F620F7C1F67E508000D51A8 /* AppDelegate.h */,
				4F620F7D1F67E508000D51A8 /* AppDelegate.m */,
			);
			path = AppDelegate;
			sourceTree = "<group>";
		};
		4F620F7F1F67E553000D51A8 /* Class */ = {
			isa = PBXGroup;
			children = (
				4F620F811F67E809000D51A8 /* General */,
				4F620F821F67E809000D51A8 /* Helps */,
				4F620F831F67E809000D51A8 /* Macro */,
				4F620F841F67E809000D51A8 /* Vendors */,
			);
			path = Class;
			sourceTree = "<group>";
		};
		4F620F801F67E553000D51A8 /* Resource */ = {
			isa = PBXGroup;
			children = (
			);
			path = Resource;
			sourceTree = "<group>";
		};
		4F620F811F67E809000D51A8 /* General */ = {
			isa = PBXGroup;
			children = (
				4FE7D57D1F68D41400A14FBB /* Base */,
				4FE7D57E1F68D41400A14FBB /* Categories */,
				4FE7D57F1F68D41400A14FBB /* Core */,
				4FE7D5801F68D41400A14FBB /* Models */,
				4FE7D5811F68D41400A14FBB /* Public */,
				4FE7D5821F68D41400A14FBB /* ViewControllers */,
				4FE7D5831F68D41400A14FBB /* ViewModels */,
				4FE7D5841F68D41400A14FBB /* Views */,
			);
			path = General;
			sourceTree = "<group>";
		};
		4F620F821F67E809000D51A8 /* Helps */ = {
			isa = PBXGroup;
			children = (
			);
			path = Helps;
			sourceTree = "<group>";
		};
		4F620F831F67E809000D51A8 /* Macro */ = {
			isa = PBXGroup;
			children = (
			);
			path = Macro;
			sourceTree = "<group>";
		};
		4F620F841F67E809000D51A8 /* Vendors */ = {
			isa = PBXGroup;
			children = (
			);
			path = Vendors;
			sourceTree = "<group>";
		};
		4FE7D57C1F68D10F00A14FBB /* Frameworks */ = {
			isa = PBXGroup;
			children = (
			);
			path = Frameworks;
			sourceTree = "<group>";
		};
		4FE7D57D1F68D41400A14FBB /* Base */ = {
			isa = PBXGroup;
			children = (
			);
			path = Base;
			sourceTree = "<group>";
		};
		4FE7D57E1F68D41400A14FBB /* Categories */ = {
			isa = PBXGroup;
			children = (
			);
			path = Categories;
			sourceTree = "<group>";
		};
		4FE7D57F1F68D41400A14FBB /* Core */ = {
			isa = PBXGroup;
			children = (
			);
			path = Core;
			sourceTree = "<group>";
		};
		4FE7D5801F68D41400A14FBB /* Models */ = {
			isa = PBXGroup;
			children = (
			);
			path = Models;
			sourceTree = "<group>";
		};
		4FE7D5811F68D41400A14FBB /* Public */ = {
			isa = PBXGroup;
			children = (
			);
			path = Public;
			sourceTree = "<group>";
		};
		4FE7D5821F68D41400A14FBB /* ViewControllers */ = {
			isa = PBXGroup;
			children = (
			);
			path = ViewControllers;
			sourceTree = "<group>";
		};
		4FE7D5831F68D41400A14FBB /* ViewModels */ = {
			isa = PBXGroup;
			children = (
			);
			path = ViewModels;
			sourceTree = "<group>";
		};
		4FE7D5841F68D41400A14FBB /* Views */ = {
			isa = PBXGroup;
			children = (
			);
			path = Views;
			sourceTree = "<group>";
		};
		9D791ED0ED1D4250FCA46250 /* Pods */ = {
			isa = PBXGroup;
			children = (
				20AD704699170C0FE99C826B /* Pods-Mushroom.debug.xcconfig */,
				BE9E64D95AA13453970FC7D1 /* Pods-Mushroom.release.xcconfig */,
			);
			name = Pods;
			sourceTree = "<group>";
		};
/* End PBXGroup section */

/* Begin PBXNativeTarget section */
		4F620F441F67BEE4000D51A8 /* Mushroom */ = {
			isa = PBXNativeTarget;
			buildConfigurationList = 4F620F721F67BEE4000D51A8 /* Build configuration list for PBXNativeTarget "Mushroom" */;
			buildPhases = (
				CD3DF88F657F279EEE7F079D /* [CP] Check Pods Manifest.lock */,
				4F620F411F67BEE4000D51A8 /* Sources */,
				4F620F421F67BEE4000D51A8 /* Frameworks */,
				4F620F431F67BEE4000D51A8 /* Resources */,
				191B11D4D433DC27C096E1B5 /* [CP] Embed Pods Frameworks */,
				145ADA84FEAA2E889220A4CF /* [CP] Copy Pods Resources */,
			);
			buildRules = (
			);
			dependencies = (
			);
			name = Mushroom;
			productName = Mushroom;
			productReference = 4F620F451F67BEE4000D51A8 /* Mushroom.app */;
			productType = "com.apple.product-type.application";
		};
		4F620F5D1F67BEE4000D51A8 /* MushroomTests */ = {
			isa = PBXNativeTarget;
			buildConfigurationList = 4F620F751F67BEE4000D51A8 /* Build configuration list for PBXNativeTarget "MushroomTests" */;
			buildPhases = (
				4F620F5A1F67BEE4000D51A8 /* Sources */,
				4F620F5B1F67BEE4000D51A8 /* Frameworks */,
				4F620F5C1F67BEE4000D51A8 /* Resources */,
			);
			buildRules = (
			);
			dependencies = (
				4F620F601F67BEE4000D51A8 /* PBXTargetDependency */,
			);
			name = MushroomTests;
			productName = MushroomTests;
			productReference = 4F620F5E1F67BEE4000D51A8 /* MushroomTests.xctest */;
			productType = "com.apple.product-type.bundle.unit-test";
		};
		4F620F681F67BEE4000D51A8 /* MushroomUITests */ = {
			isa = PBXNativeTarget;
			buildConfigurationList = 4F620F781F67BEE4000D51A8 /* Build configuration list for PBXNativeTarget "MushroomUITests" */;
			buildPhases = (
				4F620F651F67BEE4000D51A8 /* Sources */,
				4F620F661F67BEE4000D51A8 /* Frameworks */,
				4F620F671F67BEE4000D51A8 /* Resources */,
			);
			buildRules = (
			);
			dependencies = (
				4F620F6B1F67BEE4000D51A8 /* PBXTargetDependency */,
			);
			name = MushroomUITests;
			productName = MushroomUITests;
			productReference = 4F620F691F67BEE4000D51A8 /* MushroomUITests.xctest */;
			productType = "com.apple.product-type.bundle.ui-testing";
		};
/* End PBXNativeTarget section */

/* Begin PBXProject section */
		4F620F3D1F67BEE4000D51A8 /* Project object */ = {
			isa = PBXProject;
			attributes = {
				LastUpgradeCheck = 0820;
				ORGANIZATIONNAME = iOSfghj;
				TargetAttributes = {
					4F620F441F67BEE4000D51A8 = {
						CreatedOnToolsVersion = 8.2.1;
						ProvisioningStyle = Automatic;
					};
					4F620F5D1F67BEE4000D51A8 = {
						CreatedOnToolsVersion = 8.2.1;
						ProvisioningStyle = Automatic;
						TestTargetID = 4F620F441F67BEE4000D51A8;
					};
					4F620F681F67BEE4000D51A8 = {
						CreatedOnToolsVersion = 8.2.1;
						ProvisioningStyle = Automatic;
						TestTargetID = 4F620F441F67BEE4000D51A8;
					};
				};
			};
			buildConfigurationList = 4F620F401F67BEE4000D51A8 /* Build configuration list for PBXProject "Mushroom" */;
			compatibilityVersion = "Xcode 3.2";
			developmentRegion = English;
			hasScannedForEncodings = 0;
			knownRegions = (
				en,
				Base,
			);
			mainGroup = 4F620F3C1F67BEE4000D51A8;
			productRefGroup = 4F620F461F67BEE4000D51A8 /* Products */;
			projectDirPath = "";
			projectRoot = "";
			targets = (
				4F620F441F67BEE4000D51A8 /* Mushroom */,
				4F620F5D1F67BEE4000D51A8 /* MushroomTests */,
				4F620F681F67BEE4000D51A8 /* MushroomUITests */,
			);
		};
/* End PBXProject section */

/* Begin PBXResourcesBuildPhase section */
		4F620F431F67BEE4000D51A8 /* Resources */ = {
			isa = PBXResourcesBuildPhase;
			buildActionMask = 2147483647;
			files = (
				4F620F581F67BEE4000D51A8 /* LaunchScreen.storyboard in Resources */,
				4F620F551F67BEE4000D51A8 /* Assets.xcassets in Resources */,
				4F620F531F67BEE4000D51A8 /* Main.storyboard in Resources */,
			);
			runOnlyForDeploymentPostprocessing = 0;
		};
		4F620F5C1F67BEE4000D51A8 /* Resources */ = {
			isa = PBXResourcesBuildPhase;
			buildActionMask = 2147483647;
			files = (
			);
			runOnlyForDeploymentPostprocessing = 0;
		};
		4F620F671F67BEE4000D51A8 /* Resources */ = {
			isa = PBXResourcesBuildPhase;
			buildActionMask = 2147483647;
			files = (
			);
			runOnlyForDeploymentPostprocessing = 0;
		};
/* End PBXResourcesBuildPhase section */

/* Begin PBXShellScriptBuildPhase section */
		145ADA84FEAA2E889220A4CF /* [CP] Copy Pods Resources */ = {
			isa = PBXShellScriptBuildPhase;
			buildActionMask = 2147483647;
			files = (
			);
			inputPaths = (
			);
			name = "[CP] Copy Pods Resources";
			outputPaths = (
			);
			runOnlyForDeploymentPostprocessing = 0;
			shellPath = /bin/sh;
			shellScript = "\"${SRCROOT}/Pods/Target Support Files/Pods-Mushroom/Pods-Mushroom-resources.sh\"\n";
			showEnvVarsInLog = 0;
		};
		191B11D4D433DC27C096E1B5 /* [CP] Embed Pods Frameworks */ = {
			isa = PBXShellScriptBuildPhase;
			buildActionMask = 2147483647;
			files = (
			);
			inputPaths = (
			);
			name = "[CP] Embed Pods Frameworks";
			outputPaths = (
			);
			runOnlyForDeploymentPostprocessing = 0;
			shellPath = /bin/sh;
			shellScript = "\"${SRCROOT}/Pods/Target Support Files/Pods-Mushroom/Pods-Mushroom-frameworks.sh\"\n";
			showEnvVarsInLog = 0;
		};
		CD3DF88F657F279EEE7F079D /* [CP] Check Pods Manifest.lock */ = {
			isa = PBXShellScriptBuildPhase;
			buildActionMask = 2147483647;
			files = (
			);
			inputPaths = (
			);
			name = "[CP] Check Pods Manifest.lock";
			outputPaths = (
			);
			runOnlyForDeploymentPostprocessing = 0;
			shellPath = /bin/sh;
			shellScript = "diff \"${PODS_ROOT}/../Podfile.lock\" \"${PODS_ROOT}/Manifest.lock\" > /dev/null\nif [ $? != 0 ] ; then\n    # print error to STDERR\n    echo \"error: The sandbox is not in sync with the Podfile.lock. Run 'pod install' or update your CocoaPods installation.\" >&2\n    exit 1\nfi\n";
			showEnvVarsInLog = 0;
		};
/* End PBXShellScriptBuildPhase section */

/* Begin PBXSourcesBuildPhase section */
		4F620F411F67BEE4000D51A8 /* Sources */ = {
			isa = PBXSourcesBuildPhase;
			buildActionMask = 2147483647;
			files = (
				4F620F501F67BEE4000D51A8 /* ViewController.m in Sources */,
				4F620F4A1F67BEE4000D51A8 /* main.m in Sources */,
				4F620F7E1F67E508000D51A8 /* AppDelegate.m in Sources */,
			);
			runOnlyForDeploymentPostprocessing = 0;
		};
		4F620F5A1F67BEE4000D51A8 /* Sources */ = {
			isa = PBXSourcesBuildPhase;
			buildActionMask = 2147483647;
			files = (
				4F620F631F67BEE4000D51A8 /* MushroomTests.m in Sources */,
			);
			runOnlyForDeploymentPostprocessing = 0;
		};
		4F620F651F67BEE4000D51A8 /* Sources */ = {
			isa = PBXSourcesBuildPhase;
			buildActionMask = 2147483647;
			files = (
				4F620F6E1F67BEE4000D51A8 /* MushroomUITests.m in Sources */,
			);
			runOnlyForDeploymentPostprocessing = 0;
		};
/* End PBXSourcesBuildPhase section */

/* Begin PBXTargetDependency section */
		4F620F601F67BEE4000D51A8 /* PBXTargetDependency */ = {
			isa = PBXTargetDependency;
			target = 4F620F441F67BEE4000D51A8 /* Mushroom */;
			targetProxy = 4F620F5F1F67BEE4000D51A8 /* PBXContainerItemProxy */;
		};
		4F620F6B1F67BEE4000D51A8 /* PBXTargetDependency */ = {
			isa = PBXTargetDependency;
			target = 4F620F441F67BEE4000D51A8 /* Mushroom */;
			targetProxy = 4F620F6A1F67BEE4000D51A8 /* PBXContainerItemProxy */;
		};
/* End PBXTargetDependency section */

/* Begin PBXVariantGroup section */
		4F620F511F67BEE4000D51A8 /* Main.storyboard */ = {
			isa = PBXVariantGroup;
			children = (
				4F620F521F67BEE4000D51A8 /* Base */,
			);
			name = Main.storyboard;
			sourceTree = "<group>";
		};
		4F620F561F67BEE4000D51A8 /* LaunchScreen.storyboard */ = {
			isa = PBXVariantGroup;
			children = (
				4F620F571F67BEE4000D51A8 /* Base */,
			);
			name = LaunchScreen.storyboard;
			sourceTree = "<group>";
		};
/* End PBXVariantGroup section */

/* Begin XCBuildConfiguration section */
		4F620F701F67BEE4000D51A8 /* Debug */ = {
			isa = XCBuildConfiguration;
			buildSettings = {
				ALWAYS_SEARCH_USER_PATHS = NO;
				CLANG_ANALYZER_NONNULL = YES;
				CLANG_CXX_LANGUAGE_STANDARD = "gnu++0x";
				CLANG_CXX_LIBRARY = "libc++";
				CLANG_ENABLE_MODULES = YES;
				CLANG_ENABLE_OBJC_ARC = YES;
				CLANG_WARN_BOOL_CONVERSION = YES;
				CLANG_WARN_CONSTANT_CONVERSION = YES;
				CLANG_WARN_DIRECT_OBJC_ISA_USAGE = YES_ERROR;
				CLANG_WARN_DOCUMENTATION_COMMENTS = YES;
				CLANG_WARN_EMPTY_BODY = YES;
				CLANG_WARN_ENUM_CONVERSION = YES;
				CLANG_WARN_INFINITE_RECURSION = YES;
				CLANG_WARN_INT_CONVERSION = YES;
				CLANG_WARN_OBJC_ROOT_CLASS = YES_ERROR;
				CLANG_WARN_SUSPICIOUS_MOVE = YES;
				CLANG_WARN_UNREACHABLE_CODE = YES;
				CLANG_WARN__DUPLICATE_METHOD_MATCH = YES;
				"CODE_SIGN_IDENTITY[sdk=iphoneos*]" = "iPhone Developer";
				COPY_PHASE_STRIP = NO;
				DEBUG_INFORMATION_FORMAT = dwarf;
				ENABLE_STRICT_OBJC_MSGSEND = YES;
				ENABLE_TESTABILITY = YES;
				GCC_C_LANGUAGE_STANDARD = gnu99;
				GCC_DYNAMIC_NO_PIC = NO;
				GCC_NO_COMMON_BLOCKS = YES;
				GCC_OPTIMIZATION_LEVEL = 0;
				GCC_PREPROCESSOR_DEFINITIONS = (
					"DEBUG=1",
					"$(inherited)",
				);
				GCC_WARN_64_TO_32_BIT_CONVERSION = YES;
				GCC_WARN_ABOUT_RETURN_TYPE = YES_ERROR;
				GCC_WARN_UNDECLARED_SELECTOR = YES;
				GCC_WARN_UNINITIALIZED_AUTOS = YES_AGGRESSIVE;
				GCC_WARN_UNUSED_FUNCTION = YES;
				GCC_WARN_UNUSED_VARIABLE = YES;
				IPHONEOS_DEPLOYMENT_TARGET = 10.2;
				MTL_ENABLE_DEBUG_INFO = YES;
				ONLY_ACTIVE_ARCH = YES;
				SDKROOT = iphoneos;
				TARGETED_DEVICE_FAMILY = "1,2";
			};
			name = Debug;
		};
		4F620F711F67BEE4000D51A8 /* Release */ = {
			isa = XCBuildConfiguration;
			buildSettings = {
				ALWAYS_SEARCH_USER_PATHS = NO;
				CLANG_ANALYZER_NONNULL = YES;
				CLANG_CXX_LANGUAGE_STANDARD = "gnu++0x";
				CLANG_CXX_LIBRARY = "libc++";
				CLANG_ENABLE_MODULES = YES;
				CLANG_ENABLE_OBJC_ARC = YES;
				CLANG_WARN_BOOL_CONVERSION = YES;
				CLANG_WARN_CONSTANT_CONVERSION = YES;
				CLANG_WARN_DIRECT_OBJC_ISA_USAGE = YES_ERROR;
				CLANG_WARN_DOCUMENTATION_COMMENTS = YES;
				CLANG_WARN_EMPTY_BODY = YES;
				CLANG_WARN_ENUM_CONVERSION = YES;
				CLANG_WARN_INFINITE_RECURSION = YES;
				CLANG_WARN_INT_CONVERSION = YES;
				CLANG_WARN_OBJC_ROOT_CLASS = YES_ERROR;
				CLANG_WARN_SUSPICIOUS_MOVE = YES;
				CLANG_WARN_UNREACHABLE_CODE = YES;
				CLANG_WARN__DUPLICATE_METHOD_MATCH = YES;
				"CODE_SIGN_IDENTITY[sdk=iphoneos*]" = "iPhone Developer";
				COPY_PHASE_STRIP = NO;
				DEBUG_INFORMATION_FORMAT = "dwarf-with-dsym";
				ENABLE_NS_ASSERTIONS = NO;
				ENABLE_STRICT_OBJC_MSGSEND = YES;
				GCC_C_LANGUAGE_STANDARD = gnu99;
				GCC_NO_COMMON_BLOCKS = YES;
				GCC_WARN_64_TO_32_BIT_CONVERSION = YES;
				GCC_WARN_ABOUT_RETURN_TYPE = YES_ERROR;
				GCC_WARN_UNDECLARED_SELECTOR = YES;
				GCC_WARN_UNINITIALIZED_AUTOS = YES_AGGRESSIVE;
				GCC_WARN_UNUSED_FUNCTION = YES;
				GCC_WARN_UNUSED_VARIABLE = YES;
				IPHONEOS_DEPLOYMENT_TARGET = 10.2;
				MTL_ENABLE_DEBUG_INFO = NO;
				SDKROOT = iphoneos;
				TARGETED_DEVICE_FAMILY = "1,2";
				VALIDATE_PRODUCT = YES;
			};
			name = Release;
		};
		4F620F731F67BEE4000D51A8 /* Debug */ = {
			isa = XCBuildConfiguration;
			baseConfigurationReference = 20AD704699170C0FE99C826B /* Pods-Mushroom.debug.xcconfig */;
			buildSettings = {
				ASSETCATALOG_COMPILER_APPICON_NAME = AppIcon;
				INFOPLIST_FILE = Mushroom/Info.plist;
				LD_RUNPATH_SEARCH_PATHS = "$(inherited) @executable_path/Frameworks";
				PRODUCT_BUNDLE_IDENTIFIER = "-1hjkl.Mushroom";
				PRODUCT_NAME = "$(TARGET_NAME)";
			};
			name = Debug;
		};
		4F620F741F67BEE4000D51A8 /* Release */ = {
			isa = XCBuildConfiguration;
			baseConfigurationReference = BE9E64D95AA13453970FC7D1 /* Pods-Mushroom.release.xcconfig */;
			buildSettings = {
				ASSETCATALOG_COMPILER_APPICON_NAME = AppIcon;
				INFOPLIST_FILE = Mushroom/Info.plist;
				LD_RUNPATH_SEARCH_PATHS = "$(inherited) @executable_path/Frameworks";
				PRODUCT_BUNDLE_IDENTIFIER = "-1hjkl.Mushroom";
				PRODUCT_NAME = "$(TARGET_NAME)";
			};
			name = Release;
		};
		4F620F761F67BEE4000D51A8 /* Debug */ = {
			isa = XCBuildConfiguration;
			buildSettings = {
				BUNDLE_LOADER = "$(TEST_HOST)";
				INFOPLIST_FILE = MushroomTests/Info.plist;
				LD_RUNPATH_SEARCH_PATHS = "$(inherited) @executable_path/Frameworks @loader_path/Frameworks";
				PRODUCT_BUNDLE_IDENTIFIER = "-1hjkl.MushroomTests";
				PRODUCT_NAME = "$(TARGET_NAME)";
				TEST_HOST = "$(BUILT_PRODUCTS_DIR)/Mushroom.app/Mushroom";
			};
			name = Debug;
		};
		4F620F771F67BEE4000D51A8 /* Release */ = {
			isa = XCBuildConfiguration;
			buildSettings = {
				BUNDLE_LOADER = "$(TEST_HOST)";
				INFOPLIST_FILE = MushroomTests/Info.plist;
				LD_RUNPATH_SEARCH_PATHS = "$(inherited) @executable_path/Frameworks @loader_path/Frameworks";
				PRODUCT_BUNDLE_IDENTIFIER = "-1hjkl.MushroomTests";
				PRODUCT_NAME = "$(TARGET_NAME)";
				TEST_HOST = "$(BUILT_PRODUCTS_DIR)/Mushroom.app/Mushroom";
			};
			name = Release;
		};
		4F620F791F67BEE4000D51A8 /* Debug */ = {
			isa = XCBuildConfiguration;
			buildSettings = {
				INFOPLIST_FILE = MushroomUITests/Info.plist;
				LD_RUNPATH_SEARCH_PATHS = "$(inherited) @executable_path/Frameworks @loader_path/Frameworks";
				PRODUCT_BUNDLE_IDENTIFIER = "-1hjkl.MushroomUITests";
				PRODUCT_NAME = "$(TARGET_NAME)";
				TEST_TARGET_NAME = Mushroom;
			};
			name = Debug;
		};
		4F620F7A1F67BEE4000D51A8 /* Release */ = {
			isa = XCBuildConfiguration;
			buildSettings = {
				INFOPLIST_FILE = MushroomUITests/Info.plist;
				LD_RUNPATH_SEARCH_PATHS = "$(inherited) @executable_path/Frameworks @loader_path/Frameworks";
				PRODUCT_BUNDLE_IDENTIFIER = "-1hjkl.MushroomUITests";
				PRODUCT_NAME = "$(TARGET_NAME)";
				TEST_TARGET_NAME = Mushroom;
			};
			name = Release;
		};
/* End XCBuildConfiguration section */

/* Begin XCConfigurationList section */
		4F620F401F67BEE4000D51A8 /* Build configuration list for PBXProject "Mushroom" */ = {
			isa = XCConfigurationList;
			buildConfigurations = (
				4F620F701F67BEE4000D51A8 /* Debug */,
				4F620F711F67BEE4000D51A8 /* Release */,
			);
			defaultConfigurationIsVisible = 0;
			defaultConfigurationName = Release;
		};
		4F620F721F67BEE4000D51A8 /* Build configuration list for PBXNativeTarget "Mushroom" */ = {
			isa = XCConfigurationList;
			buildConfigurations = (
				4F620F731F67BEE4000D51A8 /* Debug */,
				4F620F741F67BEE4000D51A8 /* Release */,
			);
			defaultConfigurationIsVisible = 0;
			defaultConfigurationName = Release;
		};
		4F620F751F67BEE4000D51A8 /* Build configuration list for PBXNativeTarget "MushroomTests" */ = {
			isa = XCConfigurationList;
			buildConfigurations = (
				4F620F761F67BEE4000D51A8 /* Debug */,
				4F620F771F67BEE4000D51A8 /* Release */,
			);
			defaultConfigurationIsVisible = 0;
			defaultConfigurationName = Release;
		};
		4F620F781F67BEE4000D51A8 /* Build configuration list for PBXNativeTarget "MushroomUITests" */ = {
			isa = XCConfigurationList;
			buildConfigurations = (
				4F620F791F67BEE4000D51A8 /* Debug */,
				4F620F7A1F67BEE4000D51A8 /* Release */,
			);
			defaultConfigurationIsVisible = 0;
			defaultConfigurationName = Release;
		};
/* End XCConfigurationList section */
	};
	rootObject = 4F620F3D1F67BEE4000D51A8 /* Project object */;
}
