// !$*UTF8*$!
{
	archiveVersion = 1;
	classes = {
	};
	objectVersion = 46;
	objects = {

/* Begin PBXBuildFile section */
		4D5F7F0F7C1B5E5593C7D8B9 /* Pods_Mushroom.framework in Frameworks */ = {isa = PBXBuildFile; fileRef = DAD5E29A95BA09B758CA2DDD /* Pods_Mushroom.framework */; };
		4F02BD601F95F3BD00BB0D6D /* HomePageCollectionCell.m in Sources */ = {isa = PBXBuildFile; fileRef = 4F02BD5F1F95F3BD00BB0D6D /* HomePageCollectionCell.m */; };
		4F0DC26A1FA3321100F355A0 /* UIImage+Extension.m in Sources */ = {isa = PBXBuildFile; fileRef = 4F0DC2691FA3321100F355A0 /* UIImage+Extension.m */; };
		4F0DC26D1FA334A200F355A0 /* HomePageSearchVC.m in Sources */ = {isa = PBXBuildFile; fileRef = 4F0DC26C1FA334A200F355A0 /* HomePageSearchVC.m */; };
		4F0DC2701FA334D900F355A0 /* HomePageSearchVM.m in Sources */ = {isa = PBXBuildFile; fileRef = 4F0DC26F1FA334D900F355A0 /* HomePageSearchVM.m */; };
		4F1227FB1F9D8E4B007C7291 /* HomePageHeaderTableCell.m in Sources */ = {isa = PBXBuildFile; fileRef = 4F1227FA1F9D8E4B007C7291 /* HomePageHeaderTableCell.m */; };
		4F2026731FAAB5E0003D40C6 /* SearchListModel.m in Sources */ = {isa = PBXBuildFile; fileRef = 4F2026721FAAB5E0003D40C6 /* SearchListModel.m */; };
		4F2026761FAAB71A003D40C6 /* SubSearchListModel.m in Sources */ = {isa = PBXBuildFile; fileRef = 4F2026751FAAB71A003D40C6 /* SubSearchListModel.m */; };
		4F2026791FAAB7C2003D40C6 /* SubSearchModel.m in Sources */ = {isa = PBXBuildFile; fileRef = 4F2026781FAAB7C2003D40C6 /* SubSearchModel.m */; };
		4F20267C1FAABA4B003D40C6 /* SearchListApi.m in Sources */ = {isa = PBXBuildFile; fileRef = 4F20267B1FAABA4B003D40C6 /* SearchListApi.m */; };
		4F23D9441FA18F64007DACEC /* UINavigationController+Extension.m in Sources */ = {isa = PBXBuildFile; fileRef = 4F23D9431FA18F64007DACEC /* UINavigationController+Extension.m */; };
		4F3726DA1F970F3200E79654 /* LoopPlaybackView.m in Sources */ = {isa = PBXBuildFile; fileRef = 4F3726D91F970F3200E79654 /* LoopPlaybackView.m */; };
		4F3726DE1F9720AC00E79654 /* HomePageVM.m in Sources */ = {isa = PBXBuildFile; fileRef = 4F3726DD1F9720AC00E79654 /* HomePageVM.m */; };
		4F3726E11F97222800E79654 /* HomePageModel.m in Sources */ = {isa = PBXBuildFile; fileRef = 4F3726E01F97222800E79654 /* HomePageModel.m */; };
		4F3726E41F97234800E79654 /* MushroomBaseApi.m in Sources */ = {isa = PBXBuildFile; fileRef = 4F3726E31F97234800E79654 /* MushroomBaseApi.m */; };
		4F3E09261F97593500E5E532 /* HomePageApi.m in Sources */ = {isa = PBXBuildFile; fileRef = 4F3E09251F97593500E5E532 /* HomePageApi.m */; };
		4F4474681FA728B700B8AD78 /* SearchTableViewCell.m in Sources */ = {isa = PBXBuildFile; fileRef = 4F4474671FA728B700B8AD78 /* SearchTableViewCell.m */; };
		4F620F4A1F67BEE4000D51A8 /* main.m in Sources */ = {isa = PBXBuildFile; fileRef = 4F620F491F67BEE4000D51A8 /* main.m */; };
		4F620F531F67BEE4000D51A8 /* Main.storyboard in Resources */ = {isa = PBXBuildFile; fileRef = 4F620F511F67BEE4000D51A8 /* Main.storyboard */; };
		4F620F551F67BEE4000D51A8 /* Assets.xcassets in Resources */ = {isa = PBXBuildFile; fileRef = 4F620F541F67BEE4000D51A8 /* Assets.xcassets */; };
		4F620F581F67BEE4000D51A8 /* LaunchScreen.storyboard in Resources */ = {isa = PBXBuildFile; fileRef = 4F620F561F67BEE4000D51A8 /* LaunchScreen.storyboard */; };
		4F620F631F67BEE4000D51A8 /* MushroomTests.m in Sources */ = {isa = PBXBuildFile; fileRef = 4F620F621F67BEE4000D51A8 /* MushroomTests.m */; };
		4F620F6E1F67BEE4000D51A8 /* MushroomUITests.m in Sources */ = {isa = PBXBuildFile; fileRef = 4F620F6D1F67BEE4000D51A8 /* MushroomUITests.m */; };
		4F620F7E1F67E508000D51A8 /* AppDelegate.m in Sources */ = {isa = PBXBuildFile; fileRef = 4F620F7D1F67E508000D51A8 /* AppDelegate.m */; };
		4F740BA41F69081C00C300ED /* BaseViewController.m in Sources */ = {isa = PBXBuildFile; fileRef = 4F740BA31F69081C00C300ED /* BaseViewController.m */; };
		4F740BA71F69090D00C300ED /* MainTabBarController.m in Sources */ = {isa = PBXBuildFile; fileRef = 4F740BA61F69090D00C300ED /* MainTabBarController.m */; };
		4F740BB71F690B2400C300ED /* ClassifyVC.m in Sources */ = {isa = PBXBuildFile; fileRef = 4F740BB61F690B2400C300ED /* ClassifyVC.m */; };
		4F740BBC1F690B2F00C300ED /* HomePageVC.m in Sources */ = {isa = PBXBuildFile; fileRef = 4F740BBB1F690B2F00C300ED /* HomePageVC.m */; };
		4F740BC51F690BA300C300ED /* LiveTelecastVC.m in Sources */ = {isa = PBXBuildFile; fileRef = 4F740BC41F690BA300C300ED /* LiveTelecastVC.m */; };
		4F740BC81F690BB100C300ED /* RadioFM_VC.m in Sources */ = {isa = PBXBuildFile; fileRef = 4F740BC71F690BB100C300ED /* RadioFM_VC.m */; };
		4F740BCE1F690BDA00C300ED /* V_ListVC.m in Sources */ = {isa = PBXBuildFile; fileRef = 4F740BCD1F690BDA00C300ED /* V_ListVC.m */; };
		4F7722361F9DB9DC00B00E87 /* HomePageBannerTableCell.m in Sources */ = {isa = PBXBuildFile; fileRef = 4F7722351F9DB9DC00B00E87 /* HomePageBannerTableCell.m */; };
		4F7722391F9DC72A00B00E87 /* BaseTableViewCellVM.m in Sources */ = {isa = PBXBuildFile; fileRef = 4F7722381F9DC72A00B00E87 /* BaseTableViewCellVM.m */; };
		4F77223C1F9DC98A00B00E87 /* HomePageTableCellVM.m in Sources */ = {isa = PBXBuildFile; fileRef = 4F77223B1F9DC98A00B00E87 /* HomePageTableCellVM.m */; };
		4F97C4081FA84E7E0084B655 /* HomePageSearchCellVM.m in Sources */ = {isa = PBXBuildFile; fileRef = 4F97C4071FA84E7E0084B655 /* HomePageSearchCellVM.m */; };
		4FC7FFCB1F6946DA00A0F2B7 /* MainNavigationController.m in Sources */ = {isa = PBXBuildFile; fileRef = 4FC7FFCA1F6946DA00A0F2B7 /* MainNavigationController.m */; };
		4FE51F331F6A2B6B002DF13F /* BaseViewModel.m in Sources */ = {isa = PBXBuildFile; fileRef = 4FE51F321F6A2B6B002DF13F /* BaseViewModel.m */; };
		4FE51F361F6A2E94002DF13F /* BaseModel.m in Sources */ = {isa = PBXBuildFile; fileRef = 4FE51F351F6A2E94002DF13F /* BaseModel.m */; };
		4FE51F431F6A3205002DF13F /* AbsApi.m in Sources */ = {isa = PBXBuildFile; fileRef = 4FE51F3B1F6A3205002DF13F /* AbsApi.m */; };
		4FE51F441F6A3205002DF13F /* BaseApi.m in Sources */ = {isa = PBXBuildFile; fileRef = 4FE51F3E1F6A3205002DF13F /* BaseApi.m */; };
		4FE51F451F6A3205002DF13F /* BaseServiceManager.m in Sources */ = {isa = PBXBuildFile; fileRef = 4FE51F401F6A3205002DF13F /* BaseServiceManager.m */; };
		4FE51F461F6A3205002DF13F /* RequestManager.m in Sources */ = {isa = PBXBuildFile; fileRef = 4FE51F421F6A3205002DF13F /* RequestManager.m */; };
		4FF11C5D1F99EA7A000317E8 /* HomePageModelTableCell.m in Sources */ = {isa = PBXBuildFile; fileRef = 4FF11C5C1F99EA7A000317E8 /* HomePageModelTableCell.m */; };
		4FF400F41F9885DA00E25E04 /* BaseTableViewCell.m in Sources */ = {isa = PBXBuildFile; fileRef = 4FF400ED1F9885DA00E25E04 /* BaseTableViewCell.m */; };
		4FF400F61F9885DA00E25E04 /* BaseTableViewController.m in Sources */ = {isa = PBXBuildFile; fileRef = 4FF400F11F9885DA00E25E04 /* BaseTableViewController.m */; };
		4FF400F71F9885DA00E25E04 /* BaseTableViewModel.m in Sources */ = {isa = PBXBuildFile; fileRef = 4FF400F31F9885DA00E25E04 /* BaseTableViewModel.m */; };
		4FF400FA1F9885ED00E25E04 /* DataConvert.m in Sources */ = {isa = PBXBuildFile; fileRef = 4FF400F91F9885ED00E25E04 /* DataConvert.m */; };
		4FF400FD1F98A2C400E25E04 /* HomaPageTypeModel.m in Sources */ = {isa = PBXBuildFile; fileRef = 4FF400FC1F98A2C400E25E04 /* HomaPageTypeModel.m */; };
		4FF401001F98A35B00E25E04 /* HomePageMoreDataModel.m in Sources */ = {isa = PBXBuildFile; fileRef = 4FF400FF1F98A35B00E25E04 /* HomePageMoreDataModel.m */; };
		4FF401031F98A49600E25E04 /* HomePageSubDataModel.m in Sources */ = {isa = PBXBuildFile; fileRef = 4FF401021F98A49600E25E04 /* HomePageSubDataModel.m */; };
		4FF401061F98A51800E25E04 /* HomePageArtistsModel.m in Sources */ = {isa = PBXBuildFile; fileRef = 4FF401051F98A51800E25E04 /* HomePageArtistsModel.m */; };
		E434A2D81FA221CE003F4EA5 /* HomePageDefaultSearchApi.m in Sources */ = {isa = PBXBuildFile; fileRef = E434A2D71FA221CE003F4EA5 /* HomePageDefaultSearchApi.m */; };
		E434A2DB1FA22254003F4EA5 /* HomePageDefaultSearchModel.m in Sources */ = {isa = PBXBuildFile; fileRef = E434A2DA1FA22254003F4EA5 /* HomePageDefaultSearchModel.m */; };
		E434A2DE1FA2235D003F4EA5 /* SubDefaultSearchModel.m in Sources */ = {isa = PBXBuildFile; fileRef = E434A2DD1FA2235D003F4EA5 /* SubDefaultSearchModel.m */; };
		E4DC384C1FA89D3D004D9EA1 /* HomePageHotSearchApi.m in Sources */ = {isa = PBXBuildFile; fileRef = E4DC384B1FA89D3D004D9EA1 /* HomePageHotSearchApi.m */; };
		E4DC384F1FA89D7D004D9EA1 /* HotSearchModel.m in Sources */ = {isa = PBXBuildFile; fileRef = E4DC384E1FA89D7D004D9EA1 /* HotSearchModel.m */; };
/* End PBXBuildFile section */

/* Begin PBXContainerItemProxy section */
		4F620F5F1F67BEE4000D51A8 /* PBXContainerItemProxy */ = {
			isa = PBXContainerItemProxy;
			containerPortal = 4F620F3D1F67BEE4000D51A8 /* Project object */;
			proxyType = 1;
			remoteGlobalIDString = 4F620F441F67BEE4000D51A8;
			remoteInfo = Mushroom;
		};
		4F620F6A1F67BEE4000D51A8 /* PBXContainerItemProxy */ = {
			isa = PBXContainerItemProxy;
			containerPortal = 4F620F3D1F67BEE4000D51A8 /* Project object */;
			proxyType = 1;
			remoteGlobalIDString = 4F620F441F67BEE4000D51A8;
			remoteInfo = Mushroom;
		};
/* End PBXContainerItemProxy section */

/* Begin PBXFileReference section */
		20AD704699170C0FE99C826B /* Pods-Mushroom.debug.xcconfig */ = {isa = PBXFileReference; includeInIndex = 1; lastKnownFileType = text.xcconfig; name = "Pods-Mushroom.debug.xcconfig"; path = "Pods/Target Support Files/Pods-Mushroom/Pods-Mushroom.debug.xcconfig"; sourceTree = "<group>"; };
		4F02BD5E1F95F3BD00BB0D6D /* HomePageCollectionCell.h */ = {isa = PBXFileReference; fileEncoding = 4; lastKnownFileType = sourcecode.c.h; path = HomePageCollectionCell.h; sourceTree = "<group>"; };
		4F02BD5F1F95F3BD00BB0D6D /* HomePageCollectionCell.m */ = {isa = PBXFileReference; fileEncoding = 4; lastKnownFileType = sourcecode.c.objc; path = HomePageCollectionCell.m; sourceTree = "<group>"; };
		4F0DC2681FA3321100F355A0 /* UIImage+Extension.h */ = {isa = PBXFileReference; fileEncoding = 4; lastKnownFileType = sourcecode.c.h; path = "UIImage+Extension.h"; sourceTree = "<group>"; };
		4F0DC2691FA3321100F355A0 /* UIImage+Extension.m */ = {isa = PBXFileReference; fileEncoding = 4; lastKnownFileType = sourcecode.c.objc; path = "UIImage+Extension.m"; sourceTree = "<group>"; };
		4F0DC26B1FA334A200F355A0 /* HomePageSearchVC.h */ = {isa = PBXFileReference; fileEncoding = 4; lastKnownFileType = sourcecode.c.h; path = HomePageSearchVC.h; sourceTree = "<group>"; };
		4F0DC26C1FA334A200F355A0 /* HomePageSearchVC.m */ = {isa = PBXFileReference; fileEncoding = 4; lastKnownFileType = sourcecode.c.objc; path = HomePageSearchVC.m; sourceTree = "<group>"; };
		4F0DC26E1FA334D900F355A0 /* HomePageSearchVM.h */ = {isa = PBXFileReference; fileEncoding = 4; lastKnownFileType = sourcecode.c.h; path = HomePageSearchVM.h; sourceTree = "<group>"; };
		4F0DC26F1FA334D900F355A0 /* HomePageSearchVM.m */ = {isa = PBXFileReference; fileEncoding = 4; lastKnownFileType = sourcecode.c.objc; path = HomePageSearchVM.m; sourceTree = "<group>"; };
		4F1227F91F9D8E4B007C7291 /* HomePageHeaderTableCell.h */ = {isa = PBXFileReference; fileEncoding = 4; lastKnownFileType = sourcecode.c.h; path = HomePageHeaderTableCell.h; sourceTree = "<group>"; };
		4F1227FA1F9D8E4B007C7291 /* HomePageHeaderTableCell.m */ = {isa = PBXFileReference; fileEncoding = 4; lastKnownFileType = sourcecode.c.objc; path = HomePageHeaderTableCell.m; sourceTree = "<group>"; };
		4F1227FC1F9D9483007C7291 /* HomePageTypeEnum.h */ = {isa = PBXFileReference; lastKnownFileType = sourcecode.c.h; path = HomePageTypeEnum.h; sourceTree = "<group>"; };
		4F2026711FAAB5E0003D40C6 /* SearchListModel.h */ = {isa = PBXFileReference; fileEncoding = 4; lastKnownFileType = sourcecode.c.h; path = SearchListModel.h; sourceTree = "<group>"; };
		4F2026721FAAB5E0003D40C6 /* SearchListModel.m */ = {isa = PBXFileReference; fileEncoding = 4; lastKnownFileType = sourcecode.c.objc; path = SearchListModel.m; sourceTree = "<group>"; };
		4F2026741FAAB71A003D40C6 /* SubSearchListModel.h */ = {isa = PBXFileReference; fileEncoding = 4; lastKnownFileType = sourcecode.c.h; path = SubSearchListModel.h; sourceTree = "<group>"; };
		4F2026751FAAB71A003D40C6 /* SubSearchListModel.m */ = {isa = PBXFileReference; fileEncoding = 4; lastKnownFileType = sourcecode.c.objc; path = SubSearchListModel.m; sourceTree = "<group>"; };
		4F2026771FAAB7C2003D40C6 /* SubSearchModel.h */ = {isa = PBXFileReference; fileEncoding = 4; lastKnownFileType = sourcecode.c.h; path = SubSearchModel.h; sourceTree = "<group>"; };
		4F2026781FAAB7C2003D40C6 /* SubSearchModel.m */ = {isa = PBXFileReference; fileEncoding = 4; lastKnownFileType = sourcecode.c.objc; path = SubSearchModel.m; sourceTree = "<group>"; };
		4F20267A1FAABA4B003D40C6 /* SearchListApi.h */ = {isa = PBXFileReference; fileEncoding = 4; lastKnownFileType = sourcecode.c.h; path = SearchListApi.h; sourceTree = "<group>"; };
		4F20267B1FAABA4B003D40C6 /* SearchListApi.m */ = {isa = PBXFileReference; fileEncoding = 4; lastKnownFileType = sourcecode.c.objc; path = SearchListApi.m; sourceTree = "<group>"; };
		4F23D9421FA18F64007DACEC /* UINavigationController+Extension.h */ = {isa = PBXFileReference; fileEncoding = 4; lastKnownFileType = sourcecode.c.h; path = "UINavigationController+Extension.h"; sourceTree = "<group>"; };
		4F23D9431FA18F64007DACEC /* UINavigationController+Extension.m */ = {isa = PBXFileReference; fileEncoding = 4; lastKnownFileType = sourcecode.c.objc; path = "UINavigationController+Extension.m"; sourceTree = "<group>"; };
		4F26EF7C1F6A879900DB7E0F /* PrefixHeader.pch */ = {isa = PBXFileReference; lastKnownFileType = sourcecode.c.h; path = PrefixHeader.pch; sourceTree = "<group>"; };
		4F3726D81F970F3200E79654 /* LoopPlaybackView.h */ = {isa = PBXFileReference; fileEncoding = 4; lastKnownFileType = sourcecode.c.h; path = LoopPlaybackView.h; sourceTree = "<group>"; };
		4F3726D91F970F3200E79654 /* LoopPlaybackView.m */ = {isa = PBXFileReference; fileEncoding = 4; lastKnownFileType = sourcecode.c.objc; path = LoopPlaybackView.m; sourceTree = "<group>"; };
		4F3726DC1F9720AC00E79654 /* HomePageVM.h */ = {isa = PBXFileReference; fileEncoding = 4; lastKnownFileType = sourcecode.c.h; path = HomePageVM.h; sourceTree = "<group>"; };
		4F3726DD1F9720AC00E79654 /* HomePageVM.m */ = {isa = PBXFileReference; fileEncoding = 4; lastKnownFileType = sourcecode.c.objc; path = HomePageVM.m; sourceTree = "<group>"; };
		4F3726DF1F97222800E79654 /* HomePageModel.h */ = {isa = PBXFileReference; fileEncoding = 4; lastKnownFileType = sourcecode.c.h; path = HomePageModel.h; sourceTree = "<group>"; };
		4F3726E01F97222800E79654 /* HomePageModel.m */ = {isa = PBXFileReference; fileEncoding = 4; lastKnownFileType = sourcecode.c.objc; path = HomePageModel.m; sourceTree = "<group>"; };
		4F3726E21F97234800E79654 /* MushroomBaseApi.h */ = {isa = PBXFileReference; fileEncoding = 4; lastKnownFileType = sourcecode.c.h; path = MushroomBaseApi.h; sourceTree = "<group>"; };
		4F3726E31F97234800E79654 /* MushroomBaseApi.m */ = {isa = PBXFileReference; fileEncoding = 4; lastKnownFileType = sourcecode.c.objc; path = MushroomBaseApi.m; sourceTree = "<group>"; };
		4F3E09241F97593500E5E532 /* HomePageApi.h */ = {isa = PBXFileReference; fileEncoding = 4; lastKnownFileType = sourcecode.c.h; path = HomePageApi.h; sourceTree = "<group>"; };
		4F3E09251F97593500E5E532 /* HomePageApi.m */ = {isa = PBXFileReference; fileEncoding = 4; lastKnownFileType = sourcecode.c.objc; path = HomePageApi.m; sourceTree = "<group>"; };
		4F4474661FA728B700B8AD78 /* SearchTableViewCell.h */ = {isa = PBXFileReference; fileEncoding = 4; lastKnownFileType = sourcecode.c.h; path = SearchTableViewCell.h; sourceTree = "<group>"; };
		4F4474671FA728B700B8AD78 /* SearchTableViewCell.m */ = {isa = PBXFileReference; fileEncoding = 4; lastKnownFileType = sourcecode.c.objc; path = SearchTableViewCell.m; sourceTree = "<group>"; };
		4F475D7F1F7103C500D134C8 /* UtilsMacro.h */ = {isa = PBXFileReference; lastKnownFileType = sourcecode.c.h; path = UtilsMacro.h; sourceTree = "<group>"; };
		4F620F451F67BEE4000D51A8 /* Mushroom.app */ = {isa = PBXFileReference; explicitFileType = wrapper.application; includeInIndex = 0; path = Mushroom.app; sourceTree = BUILT_PRODUCTS_DIR; };
		4F620F491F67BEE4000D51A8 /* main.m */ = {isa = PBXFileReference; lastKnownFileType = sourcecode.c.objc; path = main.m; sourceTree = "<group>"; };
		4F620F521F67BEE4000D51A8 /* Base */ = {isa = PBXFileReference; lastKnownFileType = file.storyboard; name = Base; path = Base.lproj/Main.storyboard; sourceTree = "<group>"; };
		4F620F541F67BEE4000D51A8 /* Assets.xcassets */ = {isa = PBXFileReference; lastKnownFileType = folder.assetcatalog; path = Assets.xcassets; sourceTree = "<group>"; };
		4F620F571F67BEE4000D51A8 /* Base */ = {isa = PBXFileReference; lastKnownFileType = file.storyboard; name = Base; path = Base.lproj/LaunchScreen.storyboard; sourceTree = "<group>"; };
		4F620F591F67BEE4000D51A8 /* Info.plist */ = {isa = PBXFileReference; lastKnownFileType = text.plist.xml; path = Info.plist; sourceTree = "<group>"; };
		4F620F5E1F67BEE4000D51A8 /* MushroomTests.xctest */ = {isa = PBXFileReference; explicitFileType = wrapper.cfbundle; includeInIndex = 0; path = MushroomTests.xctest; sourceTree = BUILT_PRODUCTS_DIR; };
		4F620F621F67BEE4000D51A8 /* MushroomTests.m */ = {isa = PBXFileReference; lastKnownFileType = sourcecode.c.objc; path = MushroomTests.m; sourceTree = "<group>"; };
		4F620F641F67BEE4000D51A8 /* Info.plist */ = {isa = PBXFileReference; lastKnownFileType = text.plist.xml; path = Info.plist; sourceTree = "<group>"; };
		4F620F691F67BEE4000D51A8 /* MushroomUITests.xctest */ = {isa = PBXFileReference; explicitFileType = wrapper.cfbundle; includeInIndex = 0; path = MushroomUITests.xctest; sourceTree = BUILT_PRODUCTS_DIR; };
		4F620F6D1F67BEE4000D51A8 /* MushroomUITests.m */ = {isa = PBXFileReference; lastKnownFileType = sourcecode.c.objc; path = MushroomUITests.m; sourceTree = "<group>"; };
		4F620F6F1F67BEE4000D51A8 /* Info.plist */ = {isa = PBXFileReference; lastKnownFileType = text.plist.xml; path = Info.plist; sourceTree = "<group>"; };
		4F620F7C1F67E508000D51A8 /* AppDelegate.h */ = {isa = PBXFileReference; fileEncoding = 4; lastKnownFileType = sourcecode.c.h; path = AppDelegate.h; sourceTree = "<group>"; };
		4F620F7D1F67E508000D51A8 /* AppDelegate.m */ = {isa = PBXFileReference; fileEncoding = 4; lastKnownFileType = sourcecode.c.objc; path = AppDelegate.m; sourceTree = "<group>"; };
		4F740BA21F69081C00C300ED /* BaseViewController.h */ = {isa = PBXFileReference; fileEncoding = 4; lastKnownFileType = sourcecode.c.h; path = BaseViewController.h; sourceTree = "<group>"; };
		4F740BA31F69081C00C300ED /* BaseViewController.m */ = {isa = PBXFileReference; fileEncoding = 4; lastKnownFileType = sourcecode.c.objc; path = BaseViewController.m; sourceTree = "<group>"; };
		4F740BA51F69090D00C300ED /* MainTabBarController.h */ = {isa = PBXFileReference; fileEncoding = 4; lastKnownFileType = sourcecode.c.h; path = MainTabBarController.h; sourceTree = "<group>"; };
		4F740BA61F69090D00C300ED /* MainTabBarController.m */ = {isa = PBXFileReference; fileEncoding = 4; lastKnownFileType = sourcecode.c.objc; path = MainTabBarController.m; sourceTree = "<group>"; };
		4F740BB51F690B2400C300ED /* ClassifyVC.h */ = {isa = PBXFileReference; fileEncoding = 4; lastKnownFileType = sourcecode.c.h; path = ClassifyVC.h; sourceTree = "<group>"; };
		4F740BB61F690B2400C300ED /* ClassifyVC.m */ = {isa = PBXFileReference; fileEncoding = 4; lastKnownFileType = sourcecode.c.objc; path = ClassifyVC.m; sourceTree = "<group>"; };
		4F740BBA1F690B2F00C300ED /* HomePageVC.h */ = {isa = PBXFileReference; fileEncoding = 4; lastKnownFileType = sourcecode.c.h; path = HomePageVC.h; sourceTree = "<group>"; };
		4F740BBB1F690B2F00C300ED /* HomePageVC.m */ = {isa = PBXFileReference; fileEncoding = 4; lastKnownFileType = sourcecode.c.objc; path = HomePageVC.m; sourceTree = "<group>"; };
		4F740BC31F690BA300C300ED /* LiveTelecastVC.h */ = {isa = PBXFileReference; fileEncoding = 4; lastKnownFileType = sourcecode.c.h; path = LiveTelecastVC.h; sourceTree = "<group>"; };
		4F740BC41F690BA300C300ED /* LiveTelecastVC.m */ = {isa = PBXFileReference; fileEncoding = 4; lastKnownFileType = sourcecode.c.objc; path = LiveTelecastVC.m; sourceTree = "<group>"; };
		4F740BC61F690BB100C300ED /* RadioFM_VC.h */ = {isa = PBXFileReference; fileEncoding = 4; lastKnownFileType = sourcecode.c.h; path = RadioFM_VC.h; sourceTree = "<group>"; };
		4F740BC71F690BB100C300ED /* RadioFM_VC.m */ = {isa = PBXFileReference; fileEncoding = 4; lastKnownFileType = sourcecode.c.objc; path = RadioFM_VC.m; sourceTree = "<group>"; };
		4F740BCC1F690BDA00C300ED /* V_ListVC.h */ = {isa = PBXFileReference; fileEncoding = 4; lastKnownFileType = sourcecode.c.h; path = V_ListVC.h; sourceTree = "<group>"; };
		4F740BCD1F690BDA00C300ED /* V_ListVC.m */ = {isa = PBXFileReference; fileEncoding = 4; lastKnownFileType = sourcecode.c.objc; path = V_ListVC.m; sourceTree = "<group>"; };
		4F7722341F9DB9DC00B00E87 /* HomePageBannerTableCell.h */ = {isa = PBXFileReference; fileEncoding = 4; lastKnownFileType = sourcecode.c.h; path = HomePageBannerTableCell.h; sourceTree = "<group>"; };
		4F7722351F9DB9DC00B00E87 /* HomePageBannerTableCell.m */ = {isa = PBXFileReference; fileEncoding = 4; lastKnownFileType = sourcecode.c.objc; path = HomePageBannerTableCell.m; sourceTree = "<group>"; };
		4F7722371F9DC72A00B00E87 /* BaseTableViewCellVM.h */ = {isa = PBXFileReference; fileEncoding = 4; lastKnownFileType = sourcecode.c.h; path = BaseTableViewCellVM.h; sourceTree = "<group>"; };
		4F7722381F9DC72A00B00E87 /* BaseTableViewCellVM.m */ = {isa = PBXFileReference; fileEncoding = 4; lastKnownFileType = sourcecode.c.objc; path = BaseTableViewCellVM.m; sourceTree = "<group>"; };
		4F77223A1F9DC98A00B00E87 /* HomePageTableCellVM.h */ = {isa = PBXFileReference; fileEncoding = 4; lastKnownFileType = sourcecode.c.h; path = HomePageTableCellVM.h; sourceTree = "<group>"; };
		4F77223B1F9DC98A00B00E87 /* HomePageTableCellVM.m */ = {isa = PBXFileReference; fileEncoding = 4; lastKnownFileType = sourcecode.c.objc; path = HomePageTableCellVM.m; sourceTree = "<group>"; };
		4F97C4061FA84E7E0084B655 /* HomePageSearchCellVM.h */ = {isa = PBXFileReference; fileEncoding = 4; lastKnownFileType = sourcecode.c.h; path = HomePageSearchCellVM.h; sourceTree = "<group>"; };
		4F97C4071FA84E7E0084B655 /* HomePageSearchCellVM.m */ = {isa = PBXFileReference; fileEncoding = 4; lastKnownFileType = sourcecode.c.objc; path = HomePageSearchCellVM.m; sourceTree = "<group>"; };
		4FC7FFC91F6946DA00A0F2B7 /* MainNavigationController.h */ = {isa = PBXFileReference; fileEncoding = 4; lastKnownFileType = sourcecode.c.h; path = MainNavigationController.h; sourceTree = "<group>"; };
		4FC7FFCA1F6946DA00A0F2B7 /* MainNavigationController.m */ = {isa = PBXFileReference; fileEncoding = 4; lastKnownFileType = sourcecode.c.objc; path = MainNavigationController.m; sourceTree = "<group>"; };
		4FE51F311F6A2B6B002DF13F /* BaseViewModel.h */ = {isa = PBXFileReference; fileEncoding = 4; lastKnownFileType = sourcecode.c.h; path = BaseViewModel.h; sourceTree = "<group>"; };
		4FE51F321F6A2B6B002DF13F /* BaseViewModel.m */ = {isa = PBXFileReference; fileEncoding = 4; lastKnownFileType = sourcecode.c.objc; path = BaseViewModel.m; sourceTree = "<group>"; };
		4FE51F341F6A2E94002DF13F /* BaseModel.h */ = {isa = PBXFileReference; fileEncoding = 4; lastKnownFileType = sourcecode.c.h; path = BaseModel.h; sourceTree = "<group>"; };
		4FE51F351F6A2E94002DF13F /* BaseModel.m */ = {isa = PBXFileReference; fileEncoding = 4; lastKnownFileType = sourcecode.c.objc; path = BaseModel.m; sourceTree = "<group>"; };
		4FE51F3A1F6A3205002DF13F /* AbsApi.h */ = {isa = PBXFileReference; fileEncoding = 4; lastKnownFileType = sourcecode.c.h; path = AbsApi.h; sourceTree = "<group>"; };
		4FE51F3B1F6A3205002DF13F /* AbsApi.m */ = {isa = PBXFileReference; fileEncoding = 4; lastKnownFileType = sourcecode.c.objc; path = AbsApi.m; sourceTree = "<group>"; };
		4FE51F3C1F6A3205002DF13F /* ApiDelegate.h */ = {isa = PBXFileReference; fileEncoding = 4; lastKnownFileType = sourcecode.c.h; path = ApiDelegate.h; sourceTree = "<group>"; };
		4FE51F3D1F6A3205002DF13F /* BaseApi.h */ = {isa = PBXFileReference; fileEncoding = 4; lastKnownFileType = sourcecode.c.h; path = BaseApi.h; sourceTree = "<group>"; };
		4FE51F3E1F6A3205002DF13F /* BaseApi.m */ = {isa = PBXFileReference; fileEncoding = 4; lastKnownFileType = sourcecode.c.objc; path = BaseApi.m; sourceTree = "<group>"; };
		4FE51F3F1F6A3205002DF13F /* BaseServiceManager.h */ = {isa = PBXFileReference; fileEncoding = 4; lastKnownFileType = sourcecode.c.h; path = BaseServiceManager.h; sourceTree = "<group>"; };
		4FE51F401F6A3205002DF13F /* BaseServiceManager.m */ = {isa = PBXFileReference; fileEncoding = 4; lastKnownFileType = sourcecode.c.objc; path = BaseServiceManager.m; sourceTree = "<group>"; };
		4FE51F411F6A3205002DF13F /* RequestManager.h */ = {isa = PBXFileReference; fileEncoding = 4; lastKnownFileType = sourcecode.c.h; path = RequestManager.h; sourceTree = "<group>"; };
		4FE51F421F6A3205002DF13F /* RequestManager.m */ = {isa = PBXFileReference; fileEncoding = 4; lastKnownFileType = sourcecode.c.objc; path = RequestManager.m; sourceTree = "<group>"; };
		4FF11C5B1F99EA7A000317E8 /* HomePageModelTableCell.h */ = {isa = PBXFileReference; fileEncoding = 4; lastKnownFileType = sourcecode.c.h; path = HomePageModelTableCell.h; sourceTree = "<group>"; };
		4FF11C5C1F99EA7A000317E8 /* HomePageModelTableCell.m */ = {isa = PBXFileReference; fileEncoding = 4; lastKnownFileType = sourcecode.c.objc; path = HomePageModelTableCell.m; sourceTree = "<group>"; };
		4FF400EC1F9885DA00E25E04 /* BaseTableViewCell.h */ = {isa = PBXFileReference; fileEncoding = 4; lastKnownFileType = sourcecode.c.h; path = BaseTableViewCell.h; sourceTree = "<group>"; };
		4FF400ED1F9885DA00E25E04 /* BaseTableViewCell.m */ = {isa = PBXFileReference; fileEncoding = 4; lastKnownFileType = sourcecode.c.objc; path = BaseTableViewCell.m; sourceTree = "<group>"; };
		4FF400F01F9885DA00E25E04 /* BaseTableViewController.h */ = {isa = PBXFileReference; fileEncoding = 4; lastKnownFileType = sourcecode.c.h; path = BaseTableViewController.h; sourceTree = "<group>"; };
		4FF400F11F9885DA00E25E04 /* BaseTableViewController.m */ = {isa = PBXFileReference; fileEncoding = 4; lastKnownFileType = sourcecode.c.objc; path = BaseTableViewController.m; sourceTree = "<group>"; };
		4FF400F21F9885DA00E25E04 /* BaseTableViewModel.h */ = {isa = PBXFileReference; fileEncoding = 4; lastKnownFileType = sourcecode.c.h; path = BaseTableViewModel.h; sourceTree = "<group>"; };
		4FF400F31F9885DA00E25E04 /* BaseTableViewModel.m */ = {isa = PBXFileReference; fileEncoding = 4; lastKnownFileType = sourcecode.c.objc; path = BaseTableViewModel.m; sourceTree = "<group>"; };
		4FF400F81F9885ED00E25E04 /* DataConvert.h */ = {isa = PBXFileReference; fileEncoding = 4; lastKnownFileType = sourcecode.c.h; path = DataConvert.h; sourceTree = "<group>"; };
		4FF400F91F9885ED00E25E04 /* DataConvert.m */ = {isa = PBXFileReference; fileEncoding = 4; lastKnownFileType = sourcecode.c.objc; path = DataConvert.m; sourceTree = "<group>"; };
		4FF400FB1F98A2C400E25E04 /* HomaPageTypeModel.h */ = {isa = PBXFileReference; fileEncoding = 4; lastKnownFileType = sourcecode.c.h; path = HomaPageTypeModel.h; sourceTree = "<group>"; };
		4FF400FC1F98A2C400E25E04 /* HomaPageTypeModel.m */ = {isa = PBXFileReference; fileEncoding = 4; lastKnownFileType = sourcecode.c.objc; path = HomaPageTypeModel.m; sourceTree = "<group>"; };
		4FF400FE1F98A35B00E25E04 /* HomePageMoreDataModel.h */ = {isa = PBXFileReference; fileEncoding = 4; lastKnownFileType = sourcecode.c.h; path = HomePageMoreDataModel.h; sourceTree = "<group>"; };
		4FF400FF1F98A35B00E25E04 /* HomePageMoreDataModel.m */ = {isa = PBXFileReference; fileEncoding = 4; lastKnownFileType = sourcecode.c.objc; path = HomePageMoreDataModel.m; sourceTree = "<group>"; };
		4FF401011F98A49600E25E04 /* HomePageSubDataModel.h */ = {isa = PBXFileReference; fileEncoding = 4; lastKnownFileType = sourcecode.c.h; path = HomePageSubDataModel.h; sourceTree = "<group>"; };
		4FF401021F98A49600E25E04 /* HomePageSubDataModel.m */ = {isa = PBXFileReference; fileEncoding = 4; lastKnownFileType = sourcecode.c.objc; path = HomePageSubDataModel.m; sourceTree = "<group>"; };
		4FF401041F98A51800E25E04 /* HomePageArtistsModel.h */ = {isa = PBXFileReference; fileEncoding = 4; lastKnownFileType = sourcecode.c.h; path = HomePageArtistsModel.h; sourceTree = "<group>"; };
		4FF401051F98A51800E25E04 /* HomePageArtistsModel.m */ = {isa = PBXFileReference; fileEncoding = 4; lastKnownFileType = sourcecode.c.objc; path = HomePageArtistsModel.m; sourceTree = "<group>"; };
		BE9E64D95AA13453970FC7D1 /* Pods-Mushroom.release.xcconfig */ = {isa = PBXFileReference; includeInIndex = 1; lastKnownFileType = text.xcconfig; name = "Pods-Mushroom.release.xcconfig"; path = "Pods/Target Support Files/Pods-Mushroom/Pods-Mushroom.release.xcconfig"; sourceTree = "<group>"; };
		DAD5E29A95BA09B758CA2DDD /* Pods_Mushroom.framework */ = {isa = PBXFileReference; explicitFileType = wrapper.framework; includeInIndex = 0; path = Pods_Mushroom.framework; sourceTree = BUILT_PRODUCTS_DIR; };
		E434A2D61FA221CE003F4EA5 /* HomePageDefaultSearchApi.h */ = {isa = PBXFileReference; fileEncoding = 4; lastKnownFileType = sourcecode.c.h; path = HomePageDefaultSearchApi.h; sourceTree = "<group>"; };
		E434A2D71FA221CE003F4EA5 /* HomePageDefaultSearchApi.m */ = {isa = PBXFileReference; fileEncoding = 4; lastKnownFileType = sourcecode.c.objc; path = HomePageDefaultSearchApi.m; sourceTree = "<group>"; };
		E434A2D91FA22254003F4EA5 /* HomePageDefaultSearchModel.h */ = {isa = PBXFileReference; fileEncoding = 4; lastKnownFileType = sourcecode.c.h; path = HomePageDefaultSearchModel.h; sourceTree = "<group>"; };
		E434A2DA1FA22254003F4EA5 /* HomePageDefaultSearchModel.m */ = {isa = PBXFileReference; fileEncoding = 4; lastKnownFileType = sourcecode.c.objc; path = HomePageDefaultSearchModel.m; sourceTree = "<group>"; };
		E434A2DC1FA2235D003F4EA5 /* SubDefaultSearchModel.h */ = {isa = PBXFileReference; fileEncoding = 4; lastKnownFileType = sourcecode.c.h; path = SubDefaultSearchModel.h; sourceTree = "<group>"; };
		E434A2DD1FA2235D003F4EA5 /* SubDefaultSearchModel.m */ = {isa = PBXFileReference; fileEncoding = 4; lastKnownFileType = sourcecode.c.objc; path = SubDefaultSearchModel.m; sourceTree = "<group>"; };
		E4DC384A1FA89D3D004D9EA1 /* HomePageHotSearchApi.h */ = {isa = PBXFileReference; fileEncoding = 4; lastKnownFileType = sourcecode.c.h; path = HomePageHotSearchApi.h; sourceTree = "<group>"; };
		E4DC384B1FA89D3D004D9EA1 /* HomePageHotSearchApi.m */ = {isa = PBXFileReference; fileEncoding = 4; lastKnownFileType = sourcecode.c.objc; path = HomePageHotSearchApi.m; sourceTree = "<group>"; };
		E4DC384D1FA89D7D004D9EA1 /* HotSearchModel.h */ = {isa = PBXFileReference; fileEncoding = 4; lastKnownFileType = sourcecode.c.h; path = HotSearchModel.h; sourceTree = "<group>"; };
		E4DC384E1FA89D7D004D9EA1 /* HotSearchModel.m */ = {isa = PBXFileReference; fileEncoding = 4; lastKnownFileType = sourcecode.c.objc; path = HotSearchModel.m; sourceTree = "<group>"; };
/* End PBXFileReference section */

/* Begin PBXFrameworksBuildPhase section */
		4F620F421F67BEE4000D51A8 /* Frameworks */ = {
			isa = PBXFrameworksBuildPhase;
			buildActionMask = 2147483647;
			files = (
				4D5F7F0F7C1B5E5593C7D8B9 /* Pods_Mushroom.framework in Frameworks */,
			);
			runOnlyForDeploymentPostprocessing = 0;
		};
		4F620F5B1F67BEE4000D51A8 /* Frameworks */ = {
			isa = PBXFrameworksBuildPhase;
			buildActionMask = 2147483647;
			files = (
			);
			runOnlyForDeploymentPostprocessing = 0;
		};
		4F620F661F67BEE4000D51A8 /* Frameworks */ = {
			isa = PBXFrameworksBuildPhase;
			buildActionMask = 2147483647;
			files = (
			);
			runOnlyForDeploymentPostprocessing = 0;
		};
/* End PBXFrameworksBuildPhase section */

/* Begin PBXGroup section */
		4DFF8B31BB5A50E1B34D2DB4 /* Frameworks */ = {
			isa = PBXGroup;
			children = (
				DAD5E29A95BA09B758CA2DDD /* Pods_Mushroom.framework */,
			);
			name = Frameworks;
			sourceTree = "<group>";
		};
		4F02BD5D1F95F30F00BB0D6D /* HomePageCell */ = {
			isa = PBXGroup;
			children = (
				4FF11C5B1F99EA7A000317E8 /* HomePageModelTableCell.h */,
				4FF11C5C1F99EA7A000317E8 /* HomePageModelTableCell.m */,
				4F1227F91F9D8E4B007C7291 /* HomePageHeaderTableCell.h */,
				4F1227FA1F9D8E4B007C7291 /* HomePageHeaderTableCell.m */,
				4F7722341F9DB9DC00B00E87 /* HomePageBannerTableCell.h */,
				4F7722351F9DB9DC00B00E87 /* HomePageBannerTableCell.m */,
				4F02BD5E1F95F3BD00BB0D6D /* HomePageCollectionCell.h */,
				4F02BD5F1F95F3BD00BB0D6D /* HomePageCollectionCell.m */,
				4F4474661FA728B700B8AD78 /* SearchTableViewCell.h */,
				4F4474671FA728B700B8AD78 /* SearchTableViewCell.m */,
			);
			path = HomePageCell;
			sourceTree = "<group>";
		};
		4F0DC2671FA331FF00F355A0 /* UIImage */ = {
			isa = PBXGroup;
			children = (
				4F0DC2681FA3321100F355A0 /* UIImage+Extension.h */,
				4F0DC2691FA3321100F355A0 /* UIImage+Extension.m */,
			);
			path = UIImage;
			sourceTree = "<group>";
		};
		4F23D93F1FA18D9A007DACEC /* Vendors */ = {
			isa = PBXGroup;
			children = (
				4F23D9401FA18E17007DACEC /* Categorys */,
			);
			name = Vendors;
			path = Mushroom/Class/Vendors;
			sourceTree = SOURCE_ROOT;
		};
		4F23D9401FA18E17007DACEC /* Categorys */ = {
			isa = PBXGroup;
			children = (
				4F0DC2671FA331FF00F355A0 /* UIImage */,
				4F23D9411FA18E17007DACEC /* UINavigation */,
			);
			path = Categorys;
			sourceTree = "<group>";
		};
		4F23D9411FA18E17007DACEC /* UINavigation */ = {
			isa = PBXGroup;
			children = (
				4F23D9421FA18F64007DACEC /* UINavigationController+Extension.h */,
				4F23D9431FA18F64007DACEC /* UINavigationController+Extension.m */,
			);
			path = UINavigation;
			sourceTree = "<group>";
		};
		4F3726DB1F97209500E79654 /* HomePageVM */ = {
			isa = PBXGroup;
			children = (
				4F3726DC1F9720AC00E79654 /* HomePageVM.h */,
				4F3726DD1F9720AC00E79654 /* HomePageVM.m */,
				4F77223A1F9DC98A00B00E87 /* HomePageTableCellVM.h */,
				4F77223B1F9DC98A00B00E87 /* HomePageTableCellVM.m */,
				4F0DC26E1FA334D900F355A0 /* HomePageSearchVM.h */,
				4F0DC26F1FA334D900F355A0 /* HomePageSearchVM.m */,
				4F97C4061FA84E7E0084B655 /* HomePageSearchCellVM.h */,
				4F97C4071FA84E7E0084B655 /* HomePageSearchCellVM.m */,
			);
			path = HomePageVM;
			sourceTree = "<group>";
		};
		4F620F3C1F67BEE4000D51A8 = {
			isa = PBXGroup;
			children = (
				4F620F471F67BEE4000D51A8 /* Mushroom */,
				4F620F611F67BEE4000D51A8 /* MushroomTests */,
				4F620F6C1F67BEE4000D51A8 /* MushroomUITests */,
				4F620F461F67BEE4000D51A8 /* Products */,
				9D791ED0ED1D4250FCA46250 /* Pods */,
				4DFF8B31BB5A50E1B34D2DB4 /* Frameworks */,
			);
			sourceTree = "<group>";
		};
		4F620F461F67BEE4000D51A8 /* Products */ = {
			isa = PBXGroup;
			children = (
				4F620F451F67BEE4000D51A8 /* Mushroom.app */,
				4F620F5E1F67BEE4000D51A8 /* MushroomTests.xctest */,
				4F620F691F67BEE4000D51A8 /* MushroomUITests.xctest */,
			);
			name = Products;
			sourceTree = "<group>";
		};
		4F620F471F67BEE4000D51A8 /* Mushroom */ = {
			isa = PBXGroup;
			children = (
				4FE7D57C1F68D10F00A14FBB /* Frameworks */,
				4F620F7B1F67E508000D51A8 /* AppDelegate */,
				4F620F801F67E553000D51A8 /* Resource */,
				4F740B9B1F6905D300C300ED /* API */,
				4F620F7F1F67E553000D51A8 /* Class */,
				4F620F511F67BEE4000D51A8 /* Main.storyboard */,
				4F620F541F67BEE4000D51A8 /* Assets.xcassets */,
				4F620F561F67BEE4000D51A8 /* LaunchScreen.storyboard */,
				4F26EF7C1F6A879900DB7E0F /* PrefixHeader.pch */,
				4F620F591F67BEE4000D51A8 /* Info.plist */,
				4F620F481F67BEE4000D51A8 /* Supporting Files */,
			);
			path = Mushroom;
			sourceTree = "<group>";
		};
		4F620F481F67BEE4000D51A8 /* Supporting Files */ = {
			isa = PBXGroup;
			children = (
				4F620F491F67BEE4000D51A8 /* main.m */,
			);
			name = "Supporting Files";
			sourceTree = "<group>";
		};
		4F620F611F67BEE4000D51A8 /* MushroomTests */ = {
			isa = PBXGroup;
			children = (
				4F620F621F67BEE4000D51A8 /* MushroomTests.m */,
				4F620F641F67BEE4000D51A8 /* Info.plist */,
			);
			path = MushroomTests;
			sourceTree = "<group>";
		};
		4F620F6C1F67BEE4000D51A8 /* MushroomUITests */ = {
			isa = PBXGroup;
			children = (
				4F620F6D1F67BEE4000D51A8 /* MushroomUITests.m */,
				4F620F6F1F67BEE4000D51A8 /* Info.plist */,
			);
			path = MushroomUITests;
			sourceTree = "<group>";
		};
		4F620F7B1F67E508000D51A8 /* AppDelegate */ = {
			isa = PBXGroup;
			children = (
				4F620F7C1F67E508000D51A8 /* AppDelegate.h */,
				4F620F7D1F67E508000D51A8 /* AppDelegate.m */,
			);
			path = AppDelegate;
			sourceTree = "<group>";
		};
		4F620F7F1F67E553000D51A8 /* Class */ = {
			isa = PBXGroup;
			children = (
				4FE51F381F6A3160002DF13F /* RequestApi */,
				4F620F811F67E809000D51A8 /* General */,
				4F620F821F67E809000D51A8 /* Helps */,
				4F620F831F67E809000D51A8 /* Macro */,
				4F23D93F1FA18D9A007DACEC /* Vendors */,
				4F740B9F1F6906D100C300ED /* Sections */,
			);
			path = Class;
			sourceTree = "<group>";
		};
		4F620F801F67E553000D51A8 /* Resource */ = {
			isa = PBXGroup;
			children = (
			);
			path = Resource;
			sourceTree = "<group>";
		};
		4F620F811F67E809000D51A8 /* General */ = {
			isa = PBXGroup;
			children = (
				4FE51F391F6A3205002DF13F /* ReuqestManager */,
				4FE7D57E1F68D41400A14FBB /* Categories */,
				4FE7D57F1F68D41400A14FBB /* Core */,
				4FE7D5801F68D41400A14FBB /* Models */,
				4FE7D5811F68D41400A14FBB /* Public */,
				4FE7D5831F68D41400A14FBB /* ViewModels */,
				4FE7D5841F68D41400A14FBB /* Views */,
			);
			path = General;
			sourceTree = "<group>";
		};
		4F620F821F67E809000D51A8 /* Helps */ = {
			isa = PBXGroup;
			children = (
			);
			path = Helps;
			sourceTree = "<group>";
		};
		4F620F831F67E809000D51A8 /* Macro */ = {
			isa = PBXGroup;
			children = (
				4F475D7F1F7103C500D134C8 /* UtilsMacro.h */,
				4F1227FC1F9D9483007C7291 /* HomePageTypeEnum.h */,
			);
			path = Macro;
			sourceTree = "<group>";
		};
		4F740B9B1F6905D300C300ED /* API */ = {
			isa = PBXGroup;
			children = (
				4F3726E21F97234800E79654 /* MushroomBaseApi.h */,
				4F3726E31F97234800E79654 /* MushroomBaseApi.m */,
				4F3E09241F97593500E5E532 /* HomePageApi.h */,
				4F3E09251F97593500E5E532 /* HomePageApi.m */,
				E434A2D61FA221CE003F4EA5 /* HomePageDefaultSearchApi.h */,
				E434A2D71FA221CE003F4EA5 /* HomePageDefaultSearchApi.m */,
				E4DC384A1FA89D3D004D9EA1 /* HomePageHotSearchApi.h */,
				E4DC384B1FA89D3D004D9EA1 /* HomePageHotSearchApi.m */,
				4F20267A1FAABA4B003D40C6 /* SearchListApi.h */,
				4F20267B1FAABA4B003D40C6 /* SearchListApi.m */,
			);
			path = API;
			sourceTree = "<group>";
		};
		4F740B9F1F6906D100C300ED /* Sections */ = {
			isa = PBXGroup;
			children = (
				4FE983151F6B823200E5BCCD /* Communal */,
				4F740BA91F690A5300C300ED /* HomePage */,
				4F740BA81F690A5300C300ED /* Classify */,
				4F740BAA1F690A5300C300ED /* LiveTelecast */,
				4F740BAC1F690A5300C300ED /* V_List */,
				4F740BAB1F690A5300C300ED /* RadioFM */,
				4F740BA11F69081C00C300ED /* Base */,
				4F740BA01F6907A600C300ED /* Main */,
			);
			path = Sections;
			sourceTree = "<group>";
		};
		4F740BA01F6907A600C300ED /* Main */ = {
			isa = PBXGroup;
			children = (
				4F740BA51F69090D00C300ED /* MainTabBarController.h */,
				4F740BA61F69090D00C300ED /* MainTabBarController.m */,
				4FC7FFC91F6946DA00A0F2B7 /* MainNavigationController.h */,
				4FC7FFCA1F6946DA00A0F2B7 /* MainNavigationController.m */,
			);
			path = Main;
			sourceTree = "<group>";
		};
		4F740BA11F69081C00C300ED /* Base */ = {
			isa = PBXGroup;
			children = (
				4F740BA21F69081C00C300ED /* BaseViewController.h */,
				4F740BA31F69081C00C300ED /* BaseViewController.m */,
				4FE51F311F6A2B6B002DF13F /* BaseViewModel.h */,
				4FE51F321F6A2B6B002DF13F /* BaseViewModel.m */,
				4FE51F341F6A2E94002DF13F /* BaseModel.h */,
				4FE51F351F6A2E94002DF13F /* BaseModel.m */,
				4FF400EC1F9885DA00E25E04 /* BaseTableViewCell.h */,
				4FF400ED1F9885DA00E25E04 /* BaseTableViewCell.m */,
				4FF400F01F9885DA00E25E04 /* BaseTableViewController.h */,
				4FF400F11F9885DA00E25E04 /* BaseTableViewController.m */,
				4FF400F21F9885DA00E25E04 /* BaseTableViewModel.h */,
				4FF400F31F9885DA00E25E04 /* BaseTableViewModel.m */,
				4F7722371F9DC72A00B00E87 /* BaseTableViewCellVM.h */,
				4F7722381F9DC72A00B00E87 /* BaseTableViewCellVM.m */,
			);
			path = Base;
			sourceTree = "<group>";
		};
		4F740BA81F690A5300C300ED /* Classify */ = {
			isa = PBXGroup;
			children = (
				4F740BB41F690B2400C300ED /* ClassifyViewController */,
				4F740BB31F690B2400C300ED /* ClassifyModel */,
			);
			path = Classify;
			sourceTree = "<group>";
		};
		4F740BA91F690A5300C300ED /* HomePage */ = {
			isa = PBXGroup;
			children = (
				4F3726DB1F97209500E79654 /* HomePageVM */,
				4F02BD5D1F95F30F00BB0D6D /* HomePageCell */,
				4F740BB91F690B2F00C300ED /* HomePageVC */,
				4F740BB81F690B2F00C300ED /* HomePageModel */,
			);
			path = HomePage;
			sourceTree = "<group>";
		};
		4F740BAA1F690A5300C300ED /* LiveTelecast */ = {
			isa = PBXGroup;
			children = (
				4F740BBE1F690B5100C300ED /* LiveTelecastVC */,
				4F740BBD1F690B5100C300ED /* LiveTelecastModel */,
			);
			path = LiveTelecast;
			sourceTree = "<group>";
		};
		4F740BAB1F690A5300C300ED /* RadioFM */ = {
			isa = PBXGroup;
			children = (
				4F740BC01F690B8200C300ED /* RadioFM_VC */,
				4F740BBF1F690B8200C300ED /* RadioFM_Model */,
			);
			path = RadioFM;
			sourceTree = "<group>";
		};
		4F740BAC1F690A5300C300ED /* V_List */ = {
			isa = PBXGroup;
			children = (
				4F740BC21F690B8D00C300ED /* V_ListVC */,
				4F740BC11F690B8D00C300ED /* V_ListModel */,
			);
			path = V_List;
			sourceTree = "<group>";
		};
		4F740BB31F690B2400C300ED /* ClassifyModel */ = {
			isa = PBXGroup;
			children = (
			);
			path = ClassifyModel;
			sourceTree = "<group>";
		};
		4F740BB41F690B2400C300ED /* ClassifyViewController */ = {
			isa = PBXGroup;
			children = (
				4F740BB51F690B2400C300ED /* ClassifyVC.h */,
				4F740BB61F690B2400C300ED /* ClassifyVC.m */,
			);
			path = ClassifyViewController;
			sourceTree = "<group>";
		};
		4F740BB81F690B2F00C300ED /* HomePageModel */ = {
			isa = PBXGroup;
			children = (
				4F3726DF1F97222800E79654 /* HomePageModel.h */,
				4F3726E01F97222800E79654 /* HomePageModel.m */,
				4FF400FB1F98A2C400E25E04 /* HomaPageTypeModel.h */,
				4FF400FC1F98A2C400E25E04 /* HomaPageTypeModel.m */,
				4FF400FE1F98A35B00E25E04 /* HomePageMoreDataModel.h */,
				4FF400FF1F98A35B00E25E04 /* HomePageMoreDataModel.m */,
				4FF401011F98A49600E25E04 /* HomePageSubDataModel.h */,
				4FF401021F98A49600E25E04 /* HomePageSubDataModel.m */,
				4FF401041F98A51800E25E04 /* HomePageArtistsModel.h */,
				4FF401051F98A51800E25E04 /* HomePageArtistsModel.m */,
				E434A2D91FA22254003F4EA5 /* HomePageDefaultSearchModel.h */,
				E434A2DA1FA22254003F4EA5 /* HomePageDefaultSearchModel.m */,
				E434A2DC1FA2235D003F4EA5 /* SubDefaultSearchModel.h */,
				E434A2DD1FA2235D003F4EA5 /* SubDefaultSearchModel.m */,
				E4DC384D1FA89D7D004D9EA1 /* HotSearchModel.h */,
				E4DC384E1FA89D7D004D9EA1 /* HotSearchModel.m */,
				4F2026711FAAB5E0003D40C6 /* SearchListModel.h */,
				4F2026721FAAB5E0003D40C6 /* SearchListModel.m */,
				4F2026741FAAB71A003D40C6 /* SubSearchListModel.h */,
				4F2026751FAAB71A003D40C6 /* SubSearchListModel.m */,
				4F2026771FAAB7C2003D40C6 /* SubSearchModel.h */,
				4F2026781FAAB7C2003D40C6 /* SubSearchModel.m */,
			);
			path = HomePageModel;
			sourceTree = "<group>";
		};
		4F740BB91F690B2F00C300ED /* HomePageVC */ = {
			isa = PBXGroup;
			children = (
				4F740BBA1F690B2F00C300ED /* HomePageVC.h */,
				4F740BBB1F690B2F00C300ED /* HomePageVC.m */,
				4F3726D81F970F3200E79654 /* LoopPlaybackView.h */,
				4F3726D91F970F3200E79654 /* LoopPlaybackView.m */,
				4F0DC26B1FA334A200F355A0 /* HomePageSearchVC.h */,
				4F0DC26C1FA334A200F355A0 /* HomePageSearchVC.m */,
			);
			path = HomePageVC;
			sourceTree = "<group>";
		};
		4F740BBD1F690B5100C300ED /* LiveTelecastModel */ = {
			isa = PBXGroup;
			children = (
			);
			path = LiveTelecastModel;
			sourceTree = "<group>";
		};
		4F740BBE1F690B5100C300ED /* LiveTelecastVC */ = {
			isa = PBXGroup;
			children = (
				4F740BC31F690BA300C300ED /* LiveTelecastVC.h */,
				4F740BC41F690BA300C300ED /* LiveTelecastVC.m */,
			);
			path = LiveTelecastVC;
			sourceTree = "<group>";
		};
		4F740BBF1F690B8200C300ED /* RadioFM_Model */ = {
			isa = PBXGroup;
			children = (
			);
			path = RadioFM_Model;
			sourceTree = "<group>";
		};
		4F740BC01F690B8200C300ED /* RadioFM_VC */ = {
			isa = PBXGroup;
			children = (
				4F740BC61F690BB100C300ED /* RadioFM_VC.h */,
				4F740BC71F690BB100C300ED /* RadioFM_VC.m */,
			);
			path = RadioFM_VC;
			sourceTree = "<group>";
		};
		4F740BC11F690B8D00C300ED /* V_ListModel */ = {
			isa = PBXGroup;
			children = (
			);
			path = V_ListModel;
			sourceTree = "<group>";
		};
		4F740BC21F690B8D00C300ED /* V_ListVC */ = {
			isa = PBXGroup;
			children = (
				4F740BCC1F690BDA00C300ED /* V_ListVC.h */,
				4F740BCD1F690BDA00C300ED /* V_ListVC.m */,
			);
			path = V_ListVC;
			sourceTree = "<group>";
		};
		4FE51F381F6A3160002DF13F /* RequestApi */ = {
			isa = PBXGroup;
			children = (
			);
			name = RequestApi;
			path = Mushroom/Class/RequestApi;
			sourceTree = SOURCE_ROOT;
		};
		4FE51F391F6A3205002DF13F /* ReuqestManager */ = {
			isa = PBXGroup;
			children = (
				4FE51F3A1F6A3205002DF13F /* AbsApi.h */,
				4FE51F3B1F6A3205002DF13F /* AbsApi.m */,
				4FE51F3C1F6A3205002DF13F /* ApiDelegate.h */,
				4FE51F3D1F6A3205002DF13F /* BaseApi.h */,
				4FE51F3E1F6A3205002DF13F /* BaseApi.m */,
				4FE51F3F1F6A3205002DF13F /* BaseServiceManager.h */,
				4FE51F401F6A3205002DF13F /* BaseServiceManager.m */,
				4FE51F411F6A3205002DF13F /* RequestManager.h */,
				4FE51F421F6A3205002DF13F /* RequestManager.m */,
			);
			path = ReuqestManager;
			sourceTree = "<group>";
		};
		4FE7D57C1F68D10F00A14FBB /* Frameworks */ = {
			isa = PBXGroup;
			children = (
			);
			path = Frameworks;
			sourceTree = "<group>";
		};
		4FE7D57E1F68D41400A14FBB /* Categories */ = {
			isa = PBXGroup;
			children = (
			);
			path = Categories;
			sourceTree = "<group>";
		};
		4FE7D57F1F68D41400A14FBB /* Core */ = {
			isa = PBXGroup;
			children = (
			);
			path = Core;
			sourceTree = "<group>";
		};
		4FE7D5801F68D41400A14FBB /* Models */ = {
			isa = PBXGroup;
			children = (
			);
			path = Models;
			sourceTree = "<group>";
		};
		4FE7D5811F68D41400A14FBB /* Public */ = {
			isa = PBXGroup;
			children = (
			);
			path = Public;
			sourceTree = "<group>";
		};
		4FE7D5831F68D41400A14FBB /* ViewModels */ = {
			isa = PBXGroup;
			children = (
			);
			path = ViewModels;
			sourceTree = "<group>";
		};
		4FE7D5841F68D41400A14FBB /* Views */ = {
			isa = PBXGroup;
			children = (
			);
			path = Views;
			sourceTree = "<group>";
		};
		4FE983151F6B823200E5BCCD /* Communal */ = {
			isa = PBXGroup;
			children = (
				4FF400F81F9885ED00E25E04 /* DataConvert.h */,
				4FF400F91F9885ED00E25E04 /* DataConvert.m */,
			);
			path = Communal;
			sourceTree = "<group>";
		};
		9D791ED0ED1D4250FCA46250 /* Pods */ = {
			isa = PBXGroup;
			children = (
				20AD704699170C0FE99C826B /* Pods-Mushroom.debug.xcconfig */,
				BE9E64D95AA13453970FC7D1 /* Pods-Mushroom.release.xcconfig */,
			);
			name = Pods;
			sourceTree = "<group>";
		};
/* End PBXGroup section */

/* Begin PBXNativeTarget section */
		4F620F441F67BEE4000D51A8 /* Mushroom */ = {
			isa = PBXNativeTarget;
			buildConfigurationList = 4F620F721F67BEE4000D51A8 /* Build configuration list for PBXNativeTarget "Mushroom" */;
			buildPhases = (
				CD3DF88F657F279EEE7F079D /* [CP] Check Pods Manifest.lock */,
				4F620F411F67BEE4000D51A8 /* Sources */,
				4F620F421F67BEE4000D51A8 /* Frameworks */,
				4F620F431F67BEE4000D51A8 /* Resources */,
				191B11D4D433DC27C096E1B5 /* [CP] Embed Pods Frameworks */,
				145ADA84FEAA2E889220A4CF /* [CP] Copy Pods Resources */,
			);
			buildRules = (
			);
			dependencies = (
			);
			name = Mushroom;
			productName = Mushroom;
			productReference = 4F620F451F67BEE4000D51A8 /* Mushroom.app */;
			productType = "com.apple.product-type.application";
		};
		4F620F5D1F67BEE4000D51A8 /* MushroomTests */ = {
			isa = PBXNativeTarget;
			buildConfigurationList = 4F620F751F67BEE4000D51A8 /* Build configuration list for PBXNativeTarget "MushroomTests" */;
			buildPhases = (
				4F620F5A1F67BEE4000D51A8 /* Sources */,
				4F620F5B1F67BEE4000D51A8 /* Frameworks */,
				4F620F5C1F67BEE4000D51A8 /* Resources */,
			);
			buildRules = (
			);
			dependencies = (
				4F620F601F67BEE4000D51A8 /* PBXTargetDependency */,
			);
			name = MushroomTests;
			productName = MushroomTests;
			productReference = 4F620F5E1F67BEE4000D51A8 /* MushroomTests.xctest */;
			productType = "com.apple.product-type.bundle.unit-test";
		};
		4F620F681F67BEE4000D51A8 /* MushroomUITests */ = {
			isa = PBXNativeTarget;
			buildConfigurationList = 4F620F781F67BEE4000D51A8 /* Build configuration list for PBXNativeTarget "MushroomUITests" */;
			buildPhases = (
				4F620F651F67BEE4000D51A8 /* Sources */,
				4F620F661F67BEE4000D51A8 /* Frameworks */,
				4F620F671F67BEE4000D51A8 /* Resources */,
			);
			buildRules = (
			);
			dependencies = (
				4F620F6B1F67BEE4000D51A8 /* PBXTargetDependency */,
			);
			name = MushroomUITests;
			productName = MushroomUITests;
			productReference = 4F620F691F67BEE4000D51A8 /* MushroomUITests.xctest */;
			productType = "com.apple.product-type.bundle.ui-testing";
		};
/* End PBXNativeTarget section */

/* Begin PBXProject section */
		4F620F3D1F67BEE4000D51A8 /* Project object */ = {
			isa = PBXProject;
			attributes = {
				LastUpgradeCheck = 0820;
				ORGANIZATIONNAME = iOSfghj;
				TargetAttributes = {
					4F620F441F67BEE4000D51A8 = {
						CreatedOnToolsVersion = 8.2.1;
						DevelopmentTeam = Y3HE25MMC2;
						LastSwiftMigration = 0820;
						ProvisioningStyle = Manual;
					};
					4F620F5D1F67BEE4000D51A8 = {
						CreatedOnToolsVersion = 8.2.1;
						ProvisioningStyle = Automatic;
						TestTargetID = 4F620F441F67BEE4000D51A8;
					};
					4F620F681F67BEE4000D51A8 = {
						CreatedOnToolsVersion = 8.2.1;
						ProvisioningStyle = Automatic;
						TestTargetID = 4F620F441F67BEE4000D51A8;
					};
				};
			};
			buildConfigurationList = 4F620F401F67BEE4000D51A8 /* Build configuration list for PBXProject "Mushroom" */;
			compatibilityVersion = "Xcode 3.2";
			developmentRegion = English;
			hasScannedForEncodings = 0;
			knownRegions = (
				en,
				Base,
			);
			mainGroup = 4F620F3C1F67BEE4000D51A8;
			productRefGroup = 4F620F461F67BEE4000D51A8 /* Products */;
			projectDirPath = "";
			projectRoot = "";
			targets = (
				4F620F441F67BEE4000D51A8 /* Mushroom */,
				4F620F5D1F67BEE4000D51A8 /* MushroomTests */,
				4F620F681F67BEE4000D51A8 /* MushroomUITests */,
			);
		};
/* End PBXProject section */

/* Begin PBXResourcesBuildPhase section */
		4F620F431F67BEE4000D51A8 /* Resources */ = {
			isa = PBXResourcesBuildPhase;
			buildActionMask = 2147483647;
			files = (
				4F620F581F67BEE4000D51A8 /* LaunchScreen.storyboard in Resources */,
				4F620F551F67BEE4000D51A8 /* Assets.xcassets in Resources */,
				4F620F531F67BEE4000D51A8 /* Main.storyboard in Resources */,
			);
			runOnlyForDeploymentPostprocessing = 0;
		};
		4F620F5C1F67BEE4000D51A8 /* Resources */ = {
			isa = PBXResourcesBuildPhase;
			buildActionMask = 2147483647;
			files = (
			);
			runOnlyForDeploymentPostprocessing = 0;
		};
		4F620F671F67BEE4000D51A8 /* Resources */ = {
			isa = PBXResourcesBuildPhase;
			buildActionMask = 2147483647;
			files = (
			);
			runOnlyForDeploymentPostprocessing = 0;
		};
/* End PBXResourcesBuildPhase section */

/* Begin PBXShellScriptBuildPhase section */
		145ADA84FEAA2E889220A4CF /* [CP] Copy Pods Resources */ = {
			isa = PBXShellScriptBuildPhase;
			buildActionMask = 2147483647;
			files = (
			);
			inputPaths = (
			);
			name = "[CP] Copy Pods Resources";
			outputPaths = (
			);
			runOnlyForDeploymentPostprocessing = 0;
			shellPath = /bin/sh;
			shellScript = "\"${SRCROOT}/Pods/Target Support Files/Pods-Mushroom/Pods-Mushroom-resources.sh\"\n";
			showEnvVarsInLog = 0;
		};
		191B11D4D433DC27C096E1B5 /* [CP] Embed Pods Frameworks */ = {
			isa = PBXShellScriptBuildPhase;
			buildActionMask = 2147483647;
			files = (
			);
			inputPaths = (
			);
			name = "[CP] Embed Pods Frameworks";
			outputPaths = (
			);
			runOnlyForDeploymentPostprocessing = 0;
			shellPath = /bin/sh;
			shellScript = "\"${SRCROOT}/Pods/Target Support Files/Pods-Mushroom/Pods-Mushroom-frameworks.sh\"\n";
			showEnvVarsInLog = 0;
		};
		CD3DF88F657F279EEE7F079D /* [CP] Check Pods Manifest.lock */ = {
			isa = PBXShellScriptBuildPhase;
			buildActionMask = 2147483647;
			files = (
			);
			inputPaths = (
			);
			name = "[CP] Check Pods Manifest.lock";
			outputPaths = (
			);
			runOnlyForDeploymentPostprocessing = 0;
			shellPath = /bin/sh;
			shellScript = "diff \"${PODS_ROOT}/../Podfile.lock\" \"${PODS_ROOT}/Manifest.lock\" > /dev/null\nif [ $? != 0 ] ; then\n    # print error to STDERR\n    echo \"error: The sandbox is not in sync with the Podfile.lock. Run 'pod install' or update your CocoaPods installation.\" >&2\n    exit 1\nfi\n";
			showEnvVarsInLog = 0;
		};
/* End PBXShellScriptBuildPhase section */

/* Begin PBXSourcesBuildPhase section */
		4F620F411F67BEE4000D51A8 /* Sources */ = {
			isa = PBXSourcesBuildPhase;
			buildActionMask = 2147483647;
			files = (
				4FF401031F98A49600E25E04 /* HomePageSubDataModel.m in Sources */,
				4F3726E11F97222800E79654 /* HomePageModel.m in Sources */,
				4F740BC51F690BA300C300ED /* LiveTelecastVC.m in Sources */,
				4FF400F71F9885DA00E25E04 /* BaseTableViewModel.m in Sources */,
				4FE51F441F6A3205002DF13F /* BaseApi.m in Sources */,
				4F3726DA1F970F3200E79654 /* LoopPlaybackView.m in Sources */,
				4FF400F61F9885DA00E25E04 /* BaseTableViewController.m in Sources */,
				4F7722391F9DC72A00B00E87 /* BaseTableViewCellVM.m in Sources */,
				4FF401061F98A51800E25E04 /* HomePageArtistsModel.m in Sources */,
				4F740BA71F69090D00C300ED /* MainTabBarController.m in Sources */,
				4F20267C1FAABA4B003D40C6 /* SearchListApi.m in Sources */,
				4F02BD601F95F3BD00BB0D6D /* HomePageCollectionCell.m in Sources */,
				4F4474681FA728B700B8AD78 /* SearchTableViewCell.m in Sources */,
				4F2026761FAAB71A003D40C6 /* SubSearchListModel.m in Sources */,
				4FF400F41F9885DA00E25E04 /* BaseTableViewCell.m in Sources */,
				4F1227FB1F9D8E4B007C7291 /* HomePageHeaderTableCell.m in Sources */,
				4FE51F451F6A3205002DF13F /* BaseServiceManager.m in Sources */,
				4FE51F331F6A2B6B002DF13F /* BaseViewModel.m in Sources */,
				4F0DC26D1FA334A200F355A0 /* HomePageSearchVC.m in Sources */,
				4F0DC26A1FA3321100F355A0 /* UIImage+Extension.m in Sources */,
				E434A2DB1FA22254003F4EA5 /* HomePageDefaultSearchModel.m in Sources */,
				4FF11C5D1F99EA7A000317E8 /* HomePageModelTableCell.m in Sources */,
				4FF400FD1F98A2C400E25E04 /* HomaPageTypeModel.m in Sources */,
				4FF400FA1F9885ED00E25E04 /* DataConvert.m in Sources */,
				4FF401001F98A35B00E25E04 /* HomePageMoreDataModel.m in Sources */,
				E434A2DE1FA2235D003F4EA5 /* SubDefaultSearchModel.m in Sources */,
				4F740BA41F69081C00C300ED /* BaseViewController.m in Sources */,
				4FE51F431F6A3205002DF13F /* AbsApi.m in Sources */,
				4F3726E41F97234800E79654 /* MushroomBaseApi.m in Sources */,
				4F740BC81F690BB100C300ED /* RadioFM_VC.m in Sources */,
				4FC7FFCB1F6946DA00A0F2B7 /* MainNavigationController.m in Sources */,
				4FE51F361F6A2E94002DF13F /* BaseModel.m in Sources */,
				4F620F4A1F67BEE4000D51A8 /* main.m in Sources */,
				4F740BBC1F690B2F00C300ED /* HomePageVC.m in Sources */,
				E4DC384C1FA89D3D004D9EA1 /* HomePageHotSearchApi.m in Sources */,
				4F7722361F9DB9DC00B00E87 /* HomePageBannerTableCell.m in Sources */,
				4F77223C1F9DC98A00B00E87 /* HomePageTableCellVM.m in Sources */,
				4F740BCE1F690BDA00C300ED /* V_ListVC.m in Sources */,
				4F740BB71F690B2400C300ED /* ClassifyVC.m in Sources */,
				4F3726DE1F9720AC00E79654 /* HomePageVM.m in Sources */,
				4F0DC2701FA334D900F355A0 /* HomePageSearchVM.m in Sources */,
				4F620F7E1F67E508000D51A8 /* AppDelegate.m in Sources */,
				4F2026791FAAB7C2003D40C6 /* SubSearchModel.m in Sources */,
				4F3E09261F97593500E5E532 /* HomePageApi.m in Sources */,
				4F2026731FAAB5E0003D40C6 /* SearchListModel.m in Sources */,
				4F97C4081FA84E7E0084B655 /* HomePageSearchCellVM.m in Sources */,
				4FE51F461F6A3205002DF13F /* RequestManager.m in Sources */,
				E4DC384F1FA89D7D004D9EA1 /* HotSearchModel.m in Sources */,
				4F23D9441FA18F64007DACEC /* UINavigationController+Extension.m in Sources */,
				E434A2D81FA221CE003F4EA5 /* HomePageDefaultSearchApi.m in Sources */,
			);
			runOnlyForDeploymentPostprocessing = 0;
		};
		4F620F5A1F67BEE4000D51A8 /* Sources */ = {
			isa = PBXSourcesBuildPhase;
			buildActionMask = 2147483647;
			files = (
				4F620F631F67BEE4000D51A8 /* MushroomTests.m in Sources */,
			);
			runOnlyForDeploymentPostprocessing = 0;
		};
		4F620F651F67BEE4000D51A8 /* Sources */ = {
			isa = PBXSourcesBuildPhase;
			buildActionMask = 2147483647;
			files = (
				4F620F6E1F67BEE4000D51A8 /* MushroomUITests.m in Sources */,
			);
			runOnlyForDeploymentPostprocessing = 0;
		};
/* End PBXSourcesBuildPhase section */

/* Begin PBXTargetDependency section */
		4F620F601F67BEE4000D51A8 /* PBXTargetDependency */ = {
			isa = PBXTargetDependency;
			target = 4F620F441F67BEE4000D51A8 /* Mushroom */;
			targetProxy = 4F620F5F1F67BEE4000D51A8 /* PBXContainerItemProxy */;
		};
		4F620F6B1F67BEE4000D51A8 /* PBXTargetDependency */ = {
			isa = PBXTargetDependency;
			target = 4F620F441F67BEE4000D51A8 /* Mushroom */;
			targetProxy = 4F620F6A1F67BEE4000D51A8 /* PBXContainerItemProxy */;
		};
/* End PBXTargetDependency section */

/* Begin PBXVariantGroup section */
		4F620F511F67BEE4000D51A8 /* Main.storyboard */ = {
			isa = PBXVariantGroup;
			children = (
				4F620F521F67BEE4000D51A8 /* Base */,
			);
			name = Main.storyboard;
			sourceTree = "<group>";
		};
		4F620F561F67BEE4000D51A8 /* LaunchScreen.storyboard */ = {
			isa = PBXVariantGroup;
			children = (
				4F620F571F67BEE4000D51A8 /* Base */,
			);
			name = LaunchScreen.storyboard;
			sourceTree = "<group>";
		};
/* End PBXVariantGroup section */

/* Begin XCBuildConfiguration section */
		4F620F701F67BEE4000D51A8 /* Debug */ = {
			isa = XCBuildConfiguration;
			buildSettings = {
				ALWAYS_SEARCH_USER_PATHS = NO;
				CLANG_ANALYZER_NONNULL = YES;
				CLANG_CXX_LANGUAGE_STANDARD = "gnu++0x";
				CLANG_CXX_LIBRARY = "libc++";
				CLANG_ENABLE_MODULES = YES;
				CLANG_ENABLE_OBJC_ARC = YES;
				CLANG_WARN_BOOL_CONVERSION = YES;
				CLANG_WARN_CONSTANT_CONVERSION = YES;
				CLANG_WARN_DIRECT_OBJC_ISA_USAGE = YES_ERROR;
				CLANG_WARN_DOCUMENTATION_COMMENTS = YES;
				CLANG_WARN_EMPTY_BODY = YES;
				CLANG_WARN_ENUM_CONVERSION = YES;
				CLANG_WARN_INFINITE_RECURSION = YES;
				CLANG_WARN_INT_CONVERSION = YES;
				CLANG_WARN_OBJC_ROOT_CLASS = YES_ERROR;
				CLANG_WARN_SUSPICIOUS_MOVE = YES;
				CLANG_WARN_UNREACHABLE_CODE = YES;
				CLANG_WARN__DUPLICATE_METHOD_MATCH = YES;
				CODE_SIGN_IDENTITY = "iPhone Developer: Hai Yang Jin (9KD3MK9SXE)";
				"CODE_SIGN_IDENTITY[sdk=iphoneos*]" = "iPhone Developer: Hai Yang Jin (9KD3MK9SXE)";
				COPY_PHASE_STRIP = NO;
				DEBUG_INFORMATION_FORMAT = dwarf;
				ENABLE_STRICT_OBJC_MSGSEND = YES;
				ENABLE_TESTABILITY = YES;
				GCC_C_LANGUAGE_STANDARD = gnu99;
				GCC_DYNAMIC_NO_PIC = NO;
				GCC_NO_COMMON_BLOCKS = YES;
				GCC_OPTIMIZATION_LEVEL = 0;
				GCC_PREPROCESSOR_DEFINITIONS = (
					"DEBUG=1",
					"$(inherited)",
				);
				GCC_WARN_64_TO_32_BIT_CONVERSION = YES;
				GCC_WARN_ABOUT_RETURN_TYPE = YES_ERROR;
				GCC_WARN_UNDECLARED_SELECTOR = YES;
				GCC_WARN_UNINITIALIZED_AUTOS = YES_AGGRESSIVE;
				GCC_WARN_UNUSED_FUNCTION = YES;
				GCC_WARN_UNUSED_VARIABLE = YES;
				IPHONEOS_DEPLOYMENT_TARGET = 10.2;
				MTL_ENABLE_DEBUG_INFO = YES;
				ONLY_ACTIVE_ARCH = YES;
				PROVISIONING_PROFILE = "7d58c526-0029-4632-a392-dfcc77aefe13";
				SDKROOT = iphoneos;
				TARGETED_DEVICE_FAMILY = "1,2";
			};
			name = Debug;
		};
		4F620F711F67BEE4000D51A8 /* Release */ = {
			isa = XCBuildConfiguration;
			buildSettings = {
				ALWAYS_SEARCH_USER_PATHS = NO;
				CLANG_ANALYZER_NONNULL = YES;
				CLANG_CXX_LANGUAGE_STANDARD = "gnu++0x";
				CLANG_CXX_LIBRARY = "libc++";
				CLANG_ENABLE_MODULES = YES;
				CLANG_ENABLE_OBJC_ARC = YES;
				CLANG_WARN_BOOL_CONVERSION = YES;
				CLANG_WARN_CONSTANT_CONVERSION = YES;
				CLANG_WARN_DIRECT_OBJC_ISA_USAGE = YES_ERROR;
				CLANG_WARN_DOCUMENTATION_COMMENTS = YES;
				CLANG_WARN_EMPTY_BODY = YES;
				CLANG_WARN_ENUM_CONVERSION = YES;
				CLANG_WARN_INFINITE_RECURSION = YES;
				CLANG_WARN_INT_CONVERSION = YES;
				CLANG_WARN_OBJC_ROOT_CLASS = YES_ERROR;
				CLANG_WARN_SUSPICIOUS_MOVE = YES;
				CLANG_WARN_UNREACHABLE_CODE = YES;
				CLANG_WARN__DUPLICATE_METHOD_MATCH = YES;
				CODE_SIGN_IDENTITY = "iPhone Developer: Hai Yang Jin (9KD3MK9SXE)";
				"CODE_SIGN_IDENTITY[sdk=iphoneos*]" = "iPhone Developer: Hai Yang Jin (9KD3MK9SXE)";
				COPY_PHASE_STRIP = NO;
				DEBUG_INFORMATION_FORMAT = "dwarf-with-dsym";
				ENABLE_NS_ASSERTIONS = NO;
				ENABLE_STRICT_OBJC_MSGSEND = YES;
				GCC_C_LANGUAGE_STANDARD = gnu99;
				GCC_NO_COMMON_BLOCKS = YES;
				GCC_WARN_64_TO_32_BIT_CONVERSION = YES;
				GCC_WARN_ABOUT_RETURN_TYPE = YES_ERROR;
				GCC_WARN_UNDECLARED_SELECTOR = YES;
				GCC_WARN_UNINITIALIZED_AUTOS = YES_AGGRESSIVE;
				GCC_WARN_UNUSED_FUNCTION = YES;
				GCC_WARN_UNUSED_VARIABLE = YES;
				IPHONEOS_DEPLOYMENT_TARGET = 10.2;
				MTL_ENABLE_DEBUG_INFO = NO;
				PROVISIONING_PROFILE = "7d58c526-0029-4632-a392-dfcc77aefe13";
				SDKROOT = iphoneos;
				TARGETED_DEVICE_FAMILY = "1,2";
				VALIDATE_PRODUCT = YES;
			};
			name = Release;
		};
		4F620F731F67BEE4000D51A8 /* Debug */ = {
			isa = XCBuildConfiguration;
			baseConfigurationReference = 20AD704699170C0FE99C826B /* Pods-Mushroom.debug.xcconfig */;
			buildSettings = {
				ASSETCATALOG_COMPILER_APPICON_NAME = AppIcon;
				CODE_SIGN_IDENTITY = "iPhone Developer: Hai Yang Jin (9KD3MK9SXE)";
				CODE_SIGN_STYLE = Manual;
				DEVELOPMENT_TEAM = Y3HE25MMC2;
				GCC_PRECOMPILE_PREFIX_HEADER = YES;
				GCC_PREFIX_HEADER = Mushroom/PrefixHeader.pch;
				INFOPLIST_FILE = Mushroom/Info.plist;
				IPHONEOS_DEPLOYMENT_TARGET = 8.0;
				LD_RUNPATH_SEARCH_PATHS = "$(inherited) @executable_path/Frameworks";
				PRODUCT_BUNDLE_IDENTIFIER = com.bjzzcm.jred;
				PRODUCT_NAME = "$(TARGET_NAME)";
				PROVISIONING_PROFILE = "7d58c526-0029-4632-a392-dfcc77aefe13";
				PROVISIONING_PROFILE_SPECIFIER = jiuhong_Dev;
				SWIFT_VERSION = 3.0;
			};
			name = Debug;
		};
		4F620F741F67BEE4000D51A8 /* Release */ = {
			isa = XCBuildConfiguration;
			baseConfigurationReference = BE9E64D95AA13453970FC7D1 /* Pods-Mushroom.release.xcconfig */;
			buildSettings = {
				ASSETCATALOG_COMPILER_APPICON_NAME = AppIcon;
				CODE_SIGN_IDENTITY = "iPhone Developer: Hai Yang Jin (9KD3MK9SXE)";
				CODE_SIGN_STYLE = Manual;
				DEVELOPMENT_TEAM = Y3HE25MMC2;
				GCC_PRECOMPILE_PREFIX_HEADER = YES;
				GCC_PREFIX_HEADER = Mushroom/PrefixHeader.pch;
				INFOPLIST_FILE = Mushroom/Info.plist;
				IPHONEOS_DEPLOYMENT_TARGET = 8.0;
				LD_RUNPATH_SEARCH_PATHS = "$(inherited) @executable_path/Frameworks";
				PRODUCT_BUNDLE_IDENTIFIER = com.bjzzcm.jred;
				PRODUCT_NAME = "$(TARGET_NAME)";
				PROVISIONING_PROFILE = "7d58c526-0029-4632-a392-dfcc77aefe13";
				PROVISIONING_PROFILE_SPECIFIER = jiuhong_Dev;
				SWIFT_VERSION = 3.0;
			};
			name = Release;
		};
		4F620F761F67BEE4000D51A8 /* Debug */ = {
			isa = XCBuildConfiguration;
			buildSettings = {
				BUNDLE_LOADER = "$(TEST_HOST)";
				INFOPLIST_FILE = MushroomTests/Info.plist;
				LD_RUNPATH_SEARCH_PATHS = "$(inherited) @executable_path/Frameworks @loader_path/Frameworks";
				PRODUCT_BUNDLE_IDENTIFIER = "-1hjkl.MushroomTests";
				PRODUCT_NAME = "$(TARGET_NAME)";
				TEST_HOST = "$(BUILT_PRODUCTS_DIR)/Mushroom.app/Mushroom";
			};
			name = Debug;
		};
		4F620F771F67BEE4000D51A8 /* Release */ = {
			isa = XCBuildConfiguration;
			buildSettings = {
				BUNDLE_LOADER = "$(TEST_HOST)";
				INFOPLIST_FILE = MushroomTests/Info.plist;
				LD_RUNPATH_SEARCH_PATHS = "$(inherited) @executable_path/Frameworks @loader_path/Frameworks";
				PRODUCT_BUNDLE_IDENTIFIER = "-1hjkl.MushroomTests";
				PRODUCT_NAME = "$(TARGET_NAME)";
				TEST_HOST = "$(BUILT_PRODUCTS_DIR)/Mushroom.app/Mushroom";
			};
			name = Release;
		};
		4F620F791F67BEE4000D51A8 /* Debug */ = {
			isa = XCBuildConfiguration;
			buildSettings = {
				INFOPLIST_FILE = MushroomUITests/Info.plist;
				LD_RUNPATH_SEARCH_PATHS = "$(inherited) @executable_path/Frameworks @loader_path/Frameworks";
				PRODUCT_BUNDLE_IDENTIFIER = "-1hjkl.MushroomUITests";
				PRODUCT_NAME = "$(TARGET_NAME)";
				TEST_TARGET_NAME = Mushroom;
			};
			name = Debug;
		};
		4F620F7A1F67BEE4000D51A8 /* Release */ = {
			isa = XCBuildConfiguration;
			buildSettings = {
				INFOPLIST_FILE = MushroomUITests/Info.plist;
				LD_RUNPATH_SEARCH_PATHS = "$(inherited) @executable_path/Frameworks @loader_path/Frameworks";
				PRODUCT_BUNDLE_IDENTIFIER = "-1hjkl.MushroomUITests";
				PRODUCT_NAME = "$(TARGET_NAME)";
				TEST_TARGET_NAME = Mushroom;
			};
			name = Release;
		};
/* End XCBuildConfiguration section */

/* Begin XCConfigurationList section */
		4F620F401F67BEE4000D51A8 /* Build configuration list for PBXProject "Mushroom" */ = {
			isa = XCConfigurationList;
			buildConfigurations = (
				4F620F701F67BEE4000D51A8 /* Debug */,
				4F620F711F67BEE4000D51A8 /* Release */,
			);
			defaultConfigurationIsVisible = 0;
			defaultConfigurationName = Release;
		};
		4F620F721F67BEE4000D51A8 /* Build configuration list for PBXNativeTarget "Mushroom" */ = {
			isa = XCConfigurationList;
			buildConfigurations = (
				4F620F731F67BEE4000D51A8 /* Debug */,
				4F620F741F67BEE4000D51A8 /* Release */,
			);
			defaultConfigurationIsVisible = 0;
			defaultConfigurationName = Release;
		};
		4F620F751F67BEE4000D51A8 /* Build configuration list for PBXNativeTarget "MushroomTests" */ = {
			isa = XCConfigurationList;
			buildConfigurations = (
				4F620F761F67BEE4000D51A8 /* Debug */,
				4F620F771F67BEE4000D51A8 /* Release */,
			);
			defaultConfigurationIsVisible = 0;
			defaultConfigurationName = Release;
		};
		4F620F781F67BEE4000D51A8 /* Build configuration list for PBXNativeTarget "MushroomUITests" */ = {
			isa = XCConfigurationList;
			buildConfigurations = (
				4F620F791F67BEE4000D51A8 /* Debug */,
				4F620F7A1F67BEE4000D51A8 /* Release */,
			);
			defaultConfigurationIsVisible = 0;
			defaultConfigurationName = Release;
		};
/* End XCConfigurationList section */
	};
	rootObject = 4F620F3D1F67BEE4000D51A8 /* Project object */;
}
